// !$*UTF8*$!
{
	archiveVersion = 1;
	classes = {
	};
	objectVersion = 50;
	objects = {

/* Begin PBXBuildFile section */
		4174A61F22837E7C007A1682 /* BasicLearnLexer.interp in Resources */ = {isa = PBXBuildFile; fileRef = 4174A61622837E7B007A1682 /* BasicLearnLexer.interp */; };
		4174A62022837E7C007A1682 /* BasicLearnLexer.tokens in Resources */ = {isa = PBXBuildFile; fileRef = 4174A61722837E7B007A1682 /* BasicLearnLexer.tokens */; };
		4174A62122837E7C007A1682 /* BasicLearnLexerATN.swift in Sources */ = {isa = PBXBuildFile; fileRef = 4174A61822837E7B007A1682 /* BasicLearnLexerATN.swift */; };
		4174A62222837E7C007A1682 /* BasicLearn.tokens in Resources */ = {isa = PBXBuildFile; fileRef = 4174A61922837E7B007A1682 /* BasicLearn.tokens */; };
		4174A62322837E7C007A1682 /* BasicLearnParser.swift in Sources */ = {isa = PBXBuildFile; fileRef = 4174A61A22837E7B007A1682 /* BasicLearnParser.swift */; };
		4174A62422837E7C007A1682 /* BasicLearnParserATN.swift in Sources */ = {isa = PBXBuildFile; fileRef = 4174A61B22837E7B007A1682 /* BasicLearnParserATN.swift */; };
		4174A62522837E7C007A1682 /* BasicLearn.interp in Resources */ = {isa = PBXBuildFile; fileRef = 4174A61C22837E7B007A1682 /* BasicLearn.interp */; };
		4174A62622837E7C007A1682 /* BasicLearnLexer.swift in Sources */ = {isa = PBXBuildFile; fileRef = 4174A61D22837E7B007A1682 /* BasicLearnLexer.swift */; };
		4174A62722837E7C007A1682 /* BasicLearnListener.swift in Sources */ = {isa = PBXBuildFile; fileRef = 4174A61E22837E7C007A1682 /* BasicLearnListener.swift */; };
		EC151704225E87E40030D440 /* Main.storyboard in Resources */ = {isa = PBXBuildFile; fileRef = EC151702225E87E40030D440 /* Main.storyboard */; };
		EC151709225E87E80030D440 /* Assets.xcassets in Resources */ = {isa = PBXBuildFile; fileRef = EC151708225E87E80030D440 /* Assets.xcassets */; };
		EC15170C225E87E80030D440 /* LaunchScreen.storyboard in Resources */ = {isa = PBXBuildFile; fileRef = EC15170A225E87E80030D440 /* LaunchScreen.storyboard */; };
		ECCF510C2281EC5800DD904F /* BasicLearnBaseListener.swift in Resources */ = {isa = PBXBuildFile; fileRef = EC151741225E93AC0030D440 /* BasicLearnBaseListener.swift */; };
		ECCF514A2281EEBB00DD904F /* BasicLearnBaseListener.swift in Sources */ = {isa = PBXBuildFile; fileRef = EC151741225E93AC0030D440 /* BasicLearnBaseListener.swift */; };
		ECCF514B2281EEBB00DD904F /* descriptionDimension.swift in Sources */ = {isa = PBXBuildFile; fileRef = EC8D8067227DFE7400D3C2C6 /* descriptionDimension.swift */; };
		ECCF514C2281EEBB00DD904F /* Function.swift in Sources */ = {isa = PBXBuildFile; fileRef = 41EAEBC92274A66600897C19 /* Function.swift */; };
		ECCF514D2281EEBB00DD904F /* Variable.swift in Sources */ = {isa = PBXBuildFile; fileRef = 41EAEBCB2274A66D00897C19 /* Variable.swift */; };
		ECCF514E2281EEBB00DD904F /* MainCompiler.swift in Sources */ = {isa = PBXBuildFile; fileRef = 41C2EFB6225FED3000C90A1F /* MainCompiler.swift */; };
		ECCF514F2281EEBB00DD904F /* Types.swift in Sources */ = {isa = PBXBuildFile; fileRef = 41C2EFBA225FED3000C90A1F /* Types.swift */; };
		ECCF51502281EEBB00DD904F /* SemanticCube.swift in Sources */ = {isa = PBXBuildFile; fileRef = EC6EAF85227340B600D767DD /* SemanticCube.swift */; };
		ECCF51512281EEBB00DD904F /* Quadruple.swift in Sources */ = {isa = PBXBuildFile; fileRef = EC1B754A22737464007068DC /* Quadruple.swift */; };
		ECCF51522281EEBB00DD904F /* Memory.swift in Sources */ = {isa = PBXBuildFile; fileRef = EC1B7550227494D8007068DC /* Memory.swift */; };
		ECCF51532281EEBB00DD904F /* VirtualMachine.swift in Sources */ = {isa = PBXBuildFile; fileRef = 417E89F222795CF9004648D6 /* VirtualMachine.swift */; };
		ECCF51542281EEBB00DD904F /* AppDelegate.swift in Sources */ = {isa = PBXBuildFile; fileRef = EC1516FE225E87E40030D440 /* AppDelegate.swift */; };
		ECCF51552281EEBB00DD904F /* ViewController.swift in Sources */ = {isa = PBXBuildFile; fileRef = EC151700225E87E40030D440 /* ViewController.swift */; };
/* End PBXBuildFile section */

/* Begin PBXContainerItemProxy section */
		4174A61222837E68007A1682 /* PBXContainerItemProxy */ = {
			isa = PBXContainerItemProxy;
			containerPortal = 4174A60B22837E68007A1682 /* Antlr4.xcodeproj */;
			proxyType = 2;
			remoteGlobalIDString = "Antlr4::Antlr4::Product";
			remoteInfo = Antlr4;
		};
		4174A61422837E68007A1682 /* PBXContainerItemProxy */ = {
			isa = PBXContainerItemProxy;
			containerPortal = 4174A60B22837E68007A1682 /* Antlr4.xcodeproj */;
			proxyType = 2;
			remoteGlobalIDString = "Antlr4::Antlr4Tests::Product";
			remoteInfo = Antlr4Tests;
		};
/* End PBXContainerItemProxy section */

/* Begin PBXFileReference section */
		411CA6E82281195B00785A3D /* BasicLearnLexer.swift */ = {isa = PBXFileReference; fileEncoding = 4; lastKnownFileType = sourcecode.swift; name = BasicLearnLexer.swift; path = /Desktop/grammar/BasicLearnLexer.swift; sourceTree = "<absolute>"; };
		411CA6EA2281195B00785A3D /* BasicLearnLexer.tokens */ = {isa = PBXFileReference; fileEncoding = 4; lastKnownFileType = file; name = BasicLearnLexer.tokens; path = /Desktop/grammar/BasicLearnLexer.tokens; sourceTree = "<absolute>"; };
		411CA6EB2281195B00785A3D /* BasicLearnParserATN.swift */ = {isa = PBXFileReference; fileEncoding = 4; lastKnownFileType = sourcecode.swift; name = BasicLearnParserATN.swift; path = /Desktop/grammar/BasicLearnParserATN.swift; sourceTree = "<absolute>"; };
		411CA6EC2281195B00785A3D /* BasicLearnParser.swift */ = {isa = PBXFileReference; fileEncoding = 4; lastKnownFileType = sourcecode.swift; name = BasicLearnParser.swift; path = /Desktop/grammar/BasicLearnParser.swift; sourceTree = "<absolute>"; };
		411CA6F02281195B00785A3D /* BasicLearnLexerATN.swift */ = {isa = PBXFileReference; fileEncoding = 4; lastKnownFileType = sourcecode.swift; name = BasicLearnLexerATN.swift; path = /Desktop/grammar/BasicLearnLexerATN.swift; sourceTree = "<absolute>"; };
		4174A60B22837E68007A1682 /* Antlr4.xcodeproj */ = {isa = PBXFileReference; lastKnownFileType = "wrapper.pb-project"; name = Antlr4.xcodeproj; path = ../../../antlr4/runtime/Swift/Antlr4.xcodeproj; sourceTree = "<group>"; };
		4174A61622837E7B007A1682 /* BasicLearnLexer.interp */ = {isa = PBXFileReference; fileEncoding = 4; lastKnownFileType = text; name = BasicLearnLexer.interp; path = "../../../../../Library/Containers/com.apple.mail/Data/Library/Mail Downloads/4B804A91-B831-4A45-9C55-B61EDD0E88BE/BasicLearnLexer.interp"; sourceTree = "<group>"; };
		4174A61722837E7B007A1682 /* BasicLearnLexer.tokens */ = {isa = PBXFileReference; fileEncoding = 4; lastKnownFileType = text; name = BasicLearnLexer.tokens; path = "../../../../../Library/Containers/com.apple.mail/Data/Library/Mail Downloads/50B93BF8-EF69-44BB-81EB-076E15D3849A/BasicLearnLexer.tokens"; sourceTree = "<group>"; };
		4174A61822837E7B007A1682 /* BasicLearnLexerATN.swift */ = {isa = PBXFileReference; fileEncoding = 4; lastKnownFileType = sourcecode.swift; name = BasicLearnLexerATN.swift; path = "../../../../../Library/Containers/com.apple.mail/Data/Library/Mail Downloads/9CBDAFF5-9DA7-45EB-B231-18B246814ACD/BasicLearnLexerATN.swift"; sourceTree = "<group>"; };
		4174A61922837E7B007A1682 /* BasicLearn.tokens */ = {isa = PBXFileReference; fileEncoding = 4; lastKnownFileType = text; name = BasicLearn.tokens; path = "../../../../../Library/Containers/com.apple.mail/Data/Library/Mail Downloads/130CB1A9-9BD8-404F-8D41-88DE258CCFF3/BasicLearn.tokens"; sourceTree = "<group>"; };
		4174A61A22837E7B007A1682 /* BasicLearnParser.swift */ = {isa = PBXFileReference; fileEncoding = 4; lastKnownFileType = sourcecode.swift; name = BasicLearnParser.swift; path = "../../../../../Library/Containers/com.apple.mail/Data/Library/Mail Downloads/F763ED32-3A4F-49B8-8F2E-196289ED7D52/BasicLearnParser.swift"; sourceTree = "<group>"; };
		4174A61B22837E7B007A1682 /* BasicLearnParserATN.swift */ = {isa = PBXFileReference; fileEncoding = 4; lastKnownFileType = sourcecode.swift; name = BasicLearnParserATN.swift; path = "../../../../../Library/Containers/com.apple.mail/Data/Library/Mail Downloads/EC6102C5-D64F-47BE-A732-8F72B35743F2/BasicLearnParserATN.swift"; sourceTree = "<group>"; };
		4174A61C22837E7B007A1682 /* BasicLearn.interp */ = {isa = PBXFileReference; fileEncoding = 4; lastKnownFileType = text; name = BasicLearn.interp; path = "../../../../../Library/Containers/com.apple.mail/Data/Library/Mail Downloads/13E51A68-0AFD-4AE3-B517-73D30C027C2C/BasicLearn.interp"; sourceTree = "<group>"; };
		4174A61D22837E7B007A1682 /* BasicLearnLexer.swift */ = {isa = PBXFileReference; fileEncoding = 4; lastKnownFileType = sourcecode.swift; name = BasicLearnLexer.swift; path = "../../../../../Library/Containers/com.apple.mail/Data/Library/Mail Downloads/8E5E4E53-9F6A-4941-8EF2-4DFCC3196DEE/BasicLearnLexer.swift"; sourceTree = "<group>"; };
		4174A61E22837E7C007A1682 /* BasicLearnListener.swift */ = {isa = PBXFileReference; fileEncoding = 4; lastKnownFileType = sourcecode.swift; name = BasicLearnListener.swift; path = "../../../../../Library/Containers/com.apple.mail/Data/Library/Mail Downloads/B8167D43-853A-4D7F-8C15-D2E29B71EE35/BasicLearnListener.swift"; sourceTree = "<group>"; };
		417E89F222795CF9004648D6 /* VirtualMachine.swift */ = {isa = PBXFileReference; lastKnownFileType = sourcecode.swift; path = VirtualMachine.swift; sourceTree = "<group>"; };
		41C2EFB6225FED3000C90A1F /* MainCompiler.swift */ = {isa = PBXFileReference; fileEncoding = 4; lastKnownFileType = sourcecode.swift; path = MainCompiler.swift; sourceTree = "<group>"; };
		41C2EFBA225FED3000C90A1F /* Types.swift */ = {isa = PBXFileReference; fileEncoding = 4; lastKnownFileType = sourcecode.swift; path = Types.swift; sourceTree = "<group>"; };
		41EAEBC92274A66600897C19 /* Function.swift */ = {isa = PBXFileReference; lastKnownFileType = sourcecode.swift; path = Function.swift; sourceTree = "<group>"; };
		41EAEBCB2274A66D00897C19 /* Variable.swift */ = {isa = PBXFileReference; lastKnownFileType = sourcecode.swift; path = Variable.swift; sourceTree = "<group>"; };
		EC1516FB225E87E40030D440 /* BasicLearnIDE.app */ = {isa = PBXFileReference; explicitFileType = wrapper.application; includeInIndex = 0; path = BasicLearnIDE.app; sourceTree = BUILT_PRODUCTS_DIR; };
		EC1516FE225E87E40030D440 /* AppDelegate.swift */ = {isa = PBXFileReference; lastKnownFileType = sourcecode.swift; path = AppDelegate.swift; sourceTree = "<group>"; };
		EC151700225E87E40030D440 /* ViewController.swift */ = {isa = PBXFileReference; lastKnownFileType = sourcecode.swift; path = ViewController.swift; sourceTree = "<group>"; };
		EC151703225E87E40030D440 /* Base */ = {isa = PBXFileReference; lastKnownFileType = file.storyboard; name = Base; path = Base.lproj/Main.storyboard; sourceTree = "<group>"; };
		EC151706225E87E40030D440 /* BasicLearnIDE.xcdatamodel */ = {isa = PBXFileReference; lastKnownFileType = wrapper.xcdatamodel; path = BasicLearnIDE.xcdatamodel; sourceTree = "<group>"; };
		EC151708225E87E80030D440 /* Assets.xcassets */ = {isa = PBXFileReference; lastKnownFileType = folder.assetcatalog; path = Assets.xcassets; sourceTree = "<group>"; };
		EC15170B225E87E80030D440 /* Base */ = {isa = PBXFileReference; lastKnownFileType = file.storyboard; name = Base; path = Base.lproj/LaunchScreen.storyboard; sourceTree = "<group>"; };
		EC15170D225E87E80030D440 /* Info.plist */ = {isa = PBXFileReference; lastKnownFileType = text.plist.xml; path = Info.plist; sourceTree = "<group>"; };
		EC151741225E93AC0030D440 /* BasicLearnBaseListener.swift */ = {isa = PBXFileReference; fileEncoding = 4; lastKnownFileType = sourcecode.swift; path = BasicLearnBaseListener.swift; sourceTree = "<group>"; };
		EC1B754A22737464007068DC /* Quadruple.swift */ = {isa = PBXFileReference; lastKnownFileType = sourcecode.swift; path = Quadruple.swift; sourceTree = "<group>"; };
		EC1B7550227494D8007068DC /* Memory.swift */ = {isa = PBXFileReference; lastKnownFileType = sourcecode.swift; path = Memory.swift; sourceTree = "<group>"; };
		EC6EAF85227340B600D767DD /* SemanticCube.swift */ = {isa = PBXFileReference; lastKnownFileType = sourcecode.swift; path = SemanticCube.swift; sourceTree = "<group>"; };
		EC8D8067227DFE7400D3C2C6 /* descriptionDimension.swift */ = {isa = PBXFileReference; lastKnownFileType = sourcecode.swift; path = descriptionDimension.swift; sourceTree = "<group>"; };
/* End PBXFileReference section */

/* Begin PBXFrameworksBuildPhase section */
		EC1516F8225E87E40030D440 /* Frameworks */ = {
			isa = PBXFrameworksBuildPhase;
			buildActionMask = 2147483647;
			files = (
			);
			runOnlyForDeploymentPostprocessing = 0;
		};
/* End PBXFrameworksBuildPhase section */

/* Begin PBXGroup section */
		4174A60C22837E68007A1682 /* Products */ = {
			isa = PBXGroup;
			children = (
				4174A61322837E68007A1682 /* Antlr4.framework */,
				4174A61522837E68007A1682 /* Antlr4Tests.xctest */,
			);
			name = Products;
			sourceTree = "<group>";
		};
		EC1516F2225E87E30030D440 = {
			isa = PBXGroup;
			children = (
				4174A60B22837E68007A1682 /* Antlr4.xcodeproj */,
				EC1516FD225E87E40030D440 /* BasicLearnIDE */,
				EC1516FC225E87E40030D440 /* Products */,
				EC1B75442273658E007068DC /* Frameworks */,
				ECCF50EB2281EB1F00DD904F /* Recovered References */,
			);
			sourceTree = "<group>";
		};
		EC1516FC225E87E40030D440 /* Products */ = {
			isa = PBXGroup;
			children = (
				EC1516FB225E87E40030D440 /* BasicLearnIDE.app */,
			);
			name = Products;
			sourceTree = "<group>";
		};
		EC1516FD225E87E40030D440 /* BasicLearnIDE */ = {
			isa = PBXGroup;
			children = (
				EC151739225E93AC0030D440 /* Compiler */,
				EC1516FE225E87E40030D440 /* AppDelegate.swift */,
				EC151700225E87E40030D440 /* ViewController.swift */,
				EC151702225E87E40030D440 /* Main.storyboard */,
				EC151708225E87E80030D440 /* Assets.xcassets */,
				EC15170A225E87E80030D440 /* LaunchScreen.storyboard */,
				EC15170D225E87E80030D440 /* Info.plist */,
				EC151705225E87E40030D440 /* BasicLearnIDE.xcdatamodeld */,
			);
			path = BasicLearnIDE;
			sourceTree = "<group>";
		};
		EC151739225E93AC0030D440 /* Compiler */ = {
			isa = PBXGroup;
			children = (
				4174A61C22837E7B007A1682 /* BasicLearn.interp */,
				4174A61922837E7B007A1682 /* BasicLearn.tokens */,
				4174A61622837E7B007A1682 /* BasicLearnLexer.interp */,
				4174A61D22837E7B007A1682 /* BasicLearnLexer.swift */,
				4174A61722837E7B007A1682 /* BasicLearnLexer.tokens */,
				4174A61822837E7B007A1682 /* BasicLearnLexerATN.swift */,
				4174A61E22837E7C007A1682 /* BasicLearnListener.swift */,
				4174A61A22837E7B007A1682 /* BasicLearnParser.swift */,
				4174A61B22837E7B007A1682 /* BasicLearnParserATN.swift */,
				EC151741225E93AC0030D440 /* BasicLearnBaseListener.swift */,
				EC8D8067227DFE7400D3C2C6 /* descriptionDimension.swift */,
				41EAEBC92274A66600897C19 /* Function.swift */,
				41EAEBCB2274A66D00897C19 /* Variable.swift */,
				41C2EFB6225FED3000C90A1F /* MainCompiler.swift */,
				41C2EFBA225FED3000C90A1F /* Types.swift */,
				EC6EAF85227340B600D767DD /* SemanticCube.swift */,
				EC1B754A22737464007068DC /* Quadruple.swift */,
				EC1B7550227494D8007068DC /* Memory.swift */,
				417E89F222795CF9004648D6 /* VirtualMachine.swift */,
			);
			path = Compiler;
			sourceTree = "<group>";
		};
		EC1B75442273658E007068DC /* Frameworks */ = {
			isa = PBXGroup;
			children = (
			);
			name = Frameworks;
			sourceTree = "<group>";
		};
		ECCF50EB2281EB1F00DD904F /* Recovered References */ = {
			isa = PBXGroup;
			children = (
				411CA6E82281195B00785A3D /* BasicLearnLexer.swift */,
				411CA6EC2281195B00785A3D /* BasicLearnParser.swift */,
				411CA6F02281195B00785A3D /* BasicLearnLexerATN.swift */,
				411CA6EB2281195B00785A3D /* BasicLearnParserATN.swift */,
				411CA6EA2281195B00785A3D /* BasicLearnLexer.tokens */,
			);
			name = "Recovered References";
			sourceTree = "<group>";
		};
/* End PBXGroup section */

/* Begin PBXNativeTarget section */
		EC1516FA225E87E40030D440 /* BasicLearnIDE */ = {
			isa = PBXNativeTarget;
			buildConfigurationList = EC151710225E87E80030D440 /* Build configuration list for PBXNativeTarget "BasicLearnIDE" */;
			buildPhases = (
				EC1516F7225E87E40030D440 /* Sources */,
				EC1516F8225E87E40030D440 /* Frameworks */,
				EC1516F9225E87E40030D440 /* Resources */,
			);
			buildRules = (
			);
			dependencies = (
			);
			name = BasicLearnIDE;
			productName = BasicLearnIDE;
			productReference = EC1516FB225E87E40030D440 /* BasicLearnIDE.app */;
			productType = "com.apple.product-type.application";
		};
/* End PBXNativeTarget section */

/* Begin PBXProject section */
		EC1516F3225E87E30030D440 /* Project object */ = {
			isa = PBXProject;
			attributes = {
				LastSwiftUpdateCheck = 1020;
				LastUpgradeCheck = 1020;
				ORGANIZATIONNAME = "Mauricio Garza";
				TargetAttributes = {
					EC1516FA225E87E40030D440 = {
						CreatedOnToolsVersion = 10.2;
						LastSwiftMigration = 1020;
					};
				};
			};
			buildConfigurationList = EC1516F6225E87E30030D440 /* Build configuration list for PBXProject "BasicLearnIDE" */;
			compatibilityVersion = "Xcode 9.3";
			developmentRegion = en;
			hasScannedForEncodings = 0;
			knownRegions = (
				en,
				Base,
			);
			mainGroup = EC1516F2225E87E30030D440;
			productRefGroup = EC1516FC225E87E40030D440 /* Products */;
			projectDirPath = "";
			projectReferences = (
				{
					ProductGroup = 4174A60C22837E68007A1682 /* Products */;
					ProjectRef = 4174A60B22837E68007A1682 /* Antlr4.xcodeproj */;
				},
			);
			projectRoot = "";
			targets = (
				EC1516FA225E87E40030D440 /* BasicLearnIDE */,
			);
		};
/* End PBXProject section */

/* Begin PBXReferenceProxy section */
		4174A61322837E68007A1682 /* Antlr4.framework */ = {
			isa = PBXReferenceProxy;
			fileType = wrapper.framework;
			path = Antlr4.framework;
			remoteRef = 4174A61222837E68007A1682 /* PBXContainerItemProxy */;
			sourceTree = BUILT_PRODUCTS_DIR;
		};
		4174A61522837E68007A1682 /* Antlr4Tests.xctest */ = {
			isa = PBXReferenceProxy;
			fileType = file;
			path = Antlr4Tests.xctest;
			remoteRef = 4174A61422837E68007A1682 /* PBXContainerItemProxy */;
			sourceTree = BUILT_PRODUCTS_DIR;
		};
/* End PBXReferenceProxy section */

/* Begin PBXResourcesBuildPhase section */
		EC1516F9225E87E40030D440 /* Resources */ = {
			isa = PBXResourcesBuildPhase;
			buildActionMask = 2147483647;
			files = (
				ECCF510C2281EC5800DD904F /* BasicLearnBaseListener.swift in Resources */,
				4174A61F22837E7C007A1682 /* BasicLearnLexer.interp in Resources */,
				EC15170C225E87E80030D440 /* LaunchScreen.storyboard in Resources */,
				EC151709225E87E80030D440 /* Assets.xcassets in Resources */,
				4174A62222837E7C007A1682 /* BasicLearn.tokens in Resources */,
				4174A62522837E7C007A1682 /* BasicLearn.interp in Resources */,
				4174A62022837E7C007A1682 /* BasicLearnLexer.tokens in Resources */,
				EC151704225E87E40030D440 /* Main.storyboard in Resources */,
			);
			runOnlyForDeploymentPostprocessing = 0;
		};
/* End PBXResourcesBuildPhase section */

/* Begin PBXSourcesBuildPhase section */
		EC1516F7225E87E40030D440 /* Sources */ = {
			isa = PBXSourcesBuildPhase;
			buildActionMask = 2147483647;
			files = (
				ECCF514A2281EEBB00DD904F /* BasicLearnBaseListener.swift in Sources */,
				ECCF514B2281EEBB00DD904F /* descriptionDimension.swift in Sources */,
				4174A62322837E7C007A1682 /* BasicLearnParser.swift in Sources */,
				ECCF514C2281EEBB00DD904F /* Function.swift in Sources */,
				4174A62622837E7C007A1682 /* BasicLearnLexer.swift in Sources */,
				ECCF514D2281EEBB00DD904F /* Variable.swift in Sources */,
				ECCF514E2281EEBB00DD904F /* MainCompiler.swift in Sources */,
				ECCF514F2281EEBB00DD904F /* Types.swift in Sources */,
				4174A62722837E7C007A1682 /* BasicLearnListener.swift in Sources */,
				ECCF51502281EEBB00DD904F /* SemanticCube.swift in Sources */,
				ECCF51512281EEBB00DD904F /* Quadruple.swift in Sources */,
				4174A62422837E7C007A1682 /* BasicLearnParserATN.swift in Sources */,
				4174A62122837E7C007A1682 /* BasicLearnLexerATN.swift in Sources */,
				ECCF51522281EEBB00DD904F /* Memory.swift in Sources */,
				ECCF51532281EEBB00DD904F /* VirtualMachine.swift in Sources */,
				ECCF51542281EEBB00DD904F /* AppDelegate.swift in Sources */,
				ECCF51552281EEBB00DD904F /* ViewController.swift in Sources */,
			);
			runOnlyForDeploymentPostprocessing = 0;
		};
/* End PBXSourcesBuildPhase section */

/* Begin PBXVariantGroup section */
		EC151702225E87E40030D440 /* Main.storyboard */ = {
			isa = PBXVariantGroup;
			children = (
				EC151703225E87E40030D440 /* Base */,
			);
			name = Main.storyboard;
			sourceTree = "<group>";
		};
		EC15170A225E87E80030D440 /* LaunchScreen.storyboard */ = {
			isa = PBXVariantGroup;
			children = (
				EC15170B225E87E80030D440 /* Base */,
			);
			name = LaunchScreen.storyboard;
			sourceTree = "<group>";
		};
/* End PBXVariantGroup section */

/* Begin XCBuildConfiguration section */
		EC15170E225E87E80030D440 /* Debug */ = {
			isa = XCBuildConfiguration;
			buildSettings = {
				ALWAYS_SEARCH_USER_PATHS = NO;
				CLANG_ANALYZER_NONNULL = YES;
				CLANG_ANALYZER_NUMBER_OBJECT_CONVERSION = YES_AGGRESSIVE;
				CLANG_CXX_LANGUAGE_STANDARD = "gnu++14";
				CLANG_CXX_LIBRARY = "libc++";
				CLANG_ENABLE_MODULES = YES;
				CLANG_ENABLE_OBJC_ARC = YES;
				CLANG_ENABLE_OBJC_WEAK = YES;
				CLANG_WARN_BLOCK_CAPTURE_AUTORELEASING = YES;
				CLANG_WARN_BOOL_CONVERSION = YES;
				CLANG_WARN_COMMA = YES;
				CLANG_WARN_CONSTANT_CONVERSION = YES;
				CLANG_WARN_DEPRECATED_OBJC_IMPLEMENTATIONS = YES;
				CLANG_WARN_DIRECT_OBJC_ISA_USAGE = YES_ERROR;
				CLANG_WARN_DOCUMENTATION_COMMENTS = YES;
				CLANG_WARN_EMPTY_BODY = YES;
				CLANG_WARN_ENUM_CONVERSION = YES;
				CLANG_WARN_INFINITE_RECURSION = YES;
				CLANG_WARN_INT_CONVERSION = YES;
				CLANG_WARN_NON_LITERAL_NULL_CONVERSION = YES;
				CLANG_WARN_OBJC_IMPLICIT_RETAIN_SELF = YES;
				CLANG_WARN_OBJC_LITERAL_CONVERSION = YES;
				CLANG_WARN_OBJC_ROOT_CLASS = YES_ERROR;
				CLANG_WARN_RANGE_LOOP_ANALYSIS = YES;
				CLANG_WARN_STRICT_PROTOTYPES = YES;
				CLANG_WARN_SUSPICIOUS_MOVE = YES;
				CLANG_WARN_UNGUARDED_AVAILABILITY = YES_AGGRESSIVE;
				CLANG_WARN_UNREACHABLE_CODE = YES;
				CLANG_WARN__DUPLICATE_METHOD_MATCH = YES;
				CODE_SIGN_IDENTITY = "iPhone Developer";
				COPY_PHASE_STRIP = NO;
				DEBUG_INFORMATION_FORMAT = dwarf;
				ENABLE_STRICT_OBJC_MSGSEND = YES;
				ENABLE_TESTABILITY = YES;
				GCC_C_LANGUAGE_STANDARD = gnu11;
				GCC_DYNAMIC_NO_PIC = NO;
				GCC_NO_COMMON_BLOCKS = YES;
				GCC_OPTIMIZATION_LEVEL = 0;
				GCC_PREPROCESSOR_DEFINITIONS = (
					"DEBUG=1",
					"$(inherited)",
				);
				GCC_WARN_64_TO_32_BIT_CONVERSION = YES;
				GCC_WARN_ABOUT_RETURN_TYPE = YES_ERROR;
				GCC_WARN_UNDECLARED_SELECTOR = YES;
				GCC_WARN_UNINITIALIZED_AUTOS = YES_AGGRESSIVE;
				GCC_WARN_UNUSED_FUNCTION = YES;
				GCC_WARN_UNUSED_VARIABLE = YES;
				IPHONEOS_DEPLOYMENT_TARGET = 12.2;
				MTL_ENABLE_DEBUG_INFO = INCLUDE_SOURCE;
				MTL_FAST_MATH = YES;
				ONLY_ACTIVE_ARCH = YES;
				SDKROOT = iphoneos;
				SWIFT_ACTIVE_COMPILATION_CONDITIONS = DEBUG;
				SWIFT_OPTIMIZATION_LEVEL = "-Onone";
			};
			name = Debug;
		};
		EC15170F225E87E80030D440 /* Release */ = {
			isa = XCBuildConfiguration;
			buildSettings = {
				ALWAYS_SEARCH_USER_PATHS = NO;
				CLANG_ANALYZER_NONNULL = YES;
				CLANG_ANALYZER_NUMBER_OBJECT_CONVERSION = YES_AGGRESSIVE;
				CLANG_CXX_LANGUAGE_STANDARD = "gnu++14";
				CLANG_CXX_LIBRARY = "libc++";
				CLANG_ENABLE_MODULES = YES;
				CLANG_ENABLE_OBJC_ARC = YES;
				CLANG_ENABLE_OBJC_WEAK = YES;
				CLANG_WARN_BLOCK_CAPTURE_AUTORELEASING = YES;
				CLANG_WARN_BOOL_CONVERSION = YES;
				CLANG_WARN_COMMA = YES;
				CLANG_WARN_CONSTANT_CONVERSION = YES;
				CLANG_WARN_DEPRECATED_OBJC_IMPLEMENTATIONS = YES;
				CLANG_WARN_DIRECT_OBJC_ISA_USAGE = YES_ERROR;
				CLANG_WARN_DOCUMENTATION_COMMENTS = YES;
				CLANG_WARN_EMPTY_BODY = YES;
				CLANG_WARN_ENUM_CONVERSION = YES;
				CLANG_WARN_INFINITE_RECURSION = YES;
				CLANG_WARN_INT_CONVERSION = YES;
				CLANG_WARN_NON_LITERAL_NULL_CONVERSION = YES;
				CLANG_WARN_OBJC_IMPLICIT_RETAIN_SELF = YES;
				CLANG_WARN_OBJC_LITERAL_CONVERSION = YES;
				CLANG_WARN_OBJC_ROOT_CLASS = YES_ERROR;
				CLANG_WARN_RANGE_LOOP_ANALYSIS = YES;
				CLANG_WARN_STRICT_PROTOTYPES = YES;
				CLANG_WARN_SUSPICIOUS_MOVE = YES;
				CLANG_WARN_UNGUARDED_AVAILABILITY = YES_AGGRESSIVE;
				CLANG_WARN_UNREACHABLE_CODE = YES;
				CLANG_WARN__DUPLICATE_METHOD_MATCH = YES;
				CODE_SIGN_IDENTITY = "iPhone Developer";
				COPY_PHASE_STRIP = NO;
				DEBUG_INFORMATION_FORMAT = "dwarf-with-dsym";
				ENABLE_NS_ASSERTIONS = NO;
				ENABLE_STRICT_OBJC_MSGSEND = YES;
				GCC_C_LANGUAGE_STANDARD = gnu11;
				GCC_NO_COMMON_BLOCKS = YES;
				GCC_WARN_64_TO_32_BIT_CONVERSION = YES;
				GCC_WARN_ABOUT_RETURN_TYPE = YES_ERROR;
				GCC_WARN_UNDECLARED_SELECTOR = YES;
				GCC_WARN_UNINITIALIZED_AUTOS = YES_AGGRESSIVE;
				GCC_WARN_UNUSED_FUNCTION = YES;
				GCC_WARN_UNUSED_VARIABLE = YES;
				IPHONEOS_DEPLOYMENT_TARGET = 12.2;
				MTL_ENABLE_DEBUG_INFO = NO;
				MTL_FAST_MATH = YES;
				SDKROOT = iphoneos;
				SWIFT_COMPILATION_MODE = wholemodule;
				SWIFT_OPTIMIZATION_LEVEL = "-O";
				VALIDATE_PRODUCT = YES;
			};
			name = Release;
		};
		EC151711225E87E80030D440 /* Debug */ = {
			isa = XCBuildConfiguration;
			buildSettings = {
				ASSETCATALOG_COMPILER_APPICON_NAME = AppIcon;
				CLANG_ENABLE_MODULES = YES;
				CODE_SIGN_STYLE = Automatic;
				DEVELOPMENT_TEAM = "";
				INFOPLIST_FILE = BasicLearnIDE/Info.plist;
				LD_RUNPATH_SEARCH_PATHS = (
					"$(inherited)",
					"@executable_path/Frameworks",
				);
				PRODUCT_BUNDLE_IDENTIFIER = "Mauricio-Garza.BasicLearnIDE";
				PRODUCT_NAME = "$(TARGET_NAME)";
				SWIFT_OBJC_BRIDGING_HEADER = "BasicLearnIDE/Compiler/BasicLearnIDE-Bridging-Header.h";
				SWIFT_OPTIMIZATION_LEVEL = "-Onone";
				SWIFT_VERSION = 5.0;
				TARGETED_DEVICE_FAMILY = "1,2";
			};
			name = Debug;
		};
		EC151712225E87E80030D440 /* Release */ = {
			isa = XCBuildConfiguration;
			buildSettings = {
				ASSETCATALOG_COMPILER_APPICON_NAME = AppIcon;
				CLANG_ENABLE_MODULES = YES;
				CODE_SIGN_STYLE = Automatic;
				DEVELOPMENT_TEAM = "";
				INFOPLIST_FILE = BasicLearnIDE/Info.plist;
				LD_RUNPATH_SEARCH_PATHS = (
					"$(inherited)",
					"@executable_path/Frameworks",
				);
				PRODUCT_BUNDLE_IDENTIFIER = "Mauricio-Garza.BasicLearnIDE";
				PRODUCT_NAME = "$(TARGET_NAME)";
				SWIFT_OBJC_BRIDGING_HEADER = "BasicLearnIDE/Compiler/BasicLearnIDE-Bridging-Header.h";
				SWIFT_VERSION = 5.0;
				TARGETED_DEVICE_FAMILY = "1,2";
			};
			name = Release;
		};
/* End XCBuildConfiguration section */

/* Begin XCConfigurationList section */
		EC1516F6225E87E30030D440 /* Build configuration list for PBXProject "BasicLearnIDE" */ = {
			isa = XCConfigurationList;
			buildConfigurations = (
				EC15170E225E87E80030D440 /* Debug */,
				EC15170F225E87E80030D440 /* Release */,
			);
			defaultConfigurationIsVisible = 0;
			defaultConfigurationName = Release;
		};
		EC151710225E87E80030D440 /* Build configuration list for PBXNativeTarget "BasicLearnIDE" */ = {
			isa = XCConfigurationList;
			buildConfigurations = (
				EC151711225E87E80030D440 /* Debug */,
				EC151712225E87E80030D440 /* Release */,
			);
			defaultConfigurationIsVisible = 0;
			defaultConfigurationName = Release;
		};
/* End XCConfigurationList section */

/* Begin XCVersionGroup section */
		EC151705225E87E40030D440 /* BasicLearnIDE.xcdatamodeld */ = {
			isa = XCVersionGroup;
			children = (
				EC151706225E87E40030D440 /* BasicLearnIDE.xcdatamodel */,
			);
			currentVersion = EC151706225E87E40030D440 /* BasicLearnIDE.xcdatamodel */;
			path = BasicLearnIDE.xcdatamodeld;
			sourceTree = "<group>";
			versionGroupType = wrapper.xcdatamodel;
		};
/* End XCVersionGroup section */
	};
	rootObject = EC1516F3225E87E30030D440 /* Project object */;
}
