// !$*UTF8*$!
{
	archiveVersion = 1;
	classes = {
	};
	objectVersion = 50;
	objects = {

/* Begin PBXBuildFile section */
		EC151704225E87E40030D440 /* Main.storyboard in Resources */ = {isa = PBXBuildFile; fileRef = EC151702225E87E40030D440 /* Main.storyboard */; };
		EC151709225E87E80030D440 /* Assets.xcassets in Resources */ = {isa = PBXBuildFile; fileRef = EC151708225E87E80030D440 /* Assets.xcassets */; };
		EC15170C225E87E80030D440 /* LaunchScreen.storyboard in Resources */ = {isa = PBXBuildFile; fileRef = EC15170A225E87E80030D440 /* LaunchScreen.storyboard */; };
		ECCF510C2281EC5800DD904F /* BasicLearnBaseListener.swift in Resources */ = {isa = PBXBuildFile; fileRef = EC151741225E93AC0030D440 /* BasicLearnBaseListener.swift */; };
		ECCF51292281ED9D00DD904F /* BasicLearn.interp in Resources */ = {isa = PBXBuildFile; fileRef = ECCF51202281ED9D00DD904F /* BasicLearn.interp */; };
		ECCF512A2281ED9D00DD904F /* BasicLearnLexer.tokens in Resources */ = {isa = PBXBuildFile; fileRef = ECCF51212281ED9D00DD904F /* BasicLearnLexer.tokens */; };
		ECCF512B2281ED9D00DD904F /* BasicLearn.tokens in Resources */ = {isa = PBXBuildFile; fileRef = ECCF51222281ED9D00DD904F /* BasicLearn.tokens */; };
		ECCF512D2281ED9D00DD904F /* BasicLearnLexer.interp in Resources */ = {isa = PBXBuildFile; fileRef = ECCF51242281ED9D00DD904F /* BasicLearnLexer.interp */; };
		ECCF51402281EE2D00DD904F /* Antlr4.framework in Frameworks */ = {isa = PBXBuildFile; fileRef = ECCF51392281EE1500DD904F /* Antlr4.framework */; };
		ECCF51412281EEBB00DD904F /* BasicLearn.interp in Sources */ = {isa = PBXBuildFile; fileRef = ECCF51202281ED9D00DD904F /* BasicLearn.interp */; };
		ECCF51422281EEBB00DD904F /* BasicLearn.tokens in Sources */ = {isa = PBXBuildFile; fileRef = ECCF51222281ED9D00DD904F /* BasicLearn.tokens */; };
		ECCF51432281EEBB00DD904F /* BasicLearnLexer.interp in Sources */ = {isa = PBXBuildFile; fileRef = ECCF51242281ED9D00DD904F /* BasicLearnLexer.interp */; };
		ECCF51442281EEBB00DD904F /* BasicLearnLexer.swift in Sources */ = {isa = PBXBuildFile; fileRef = ECCF51272281ED9D00DD904F /* BasicLearnLexer.swift */; };
		ECCF51452281EEBB00DD904F /* BasicLearnLexer.tokens in Sources */ = {isa = PBXBuildFile; fileRef = ECCF51212281ED9D00DD904F /* BasicLearnLexer.tokens */; };
		ECCF51462281EEBB00DD904F /* BasicLearnLexerATN.swift in Sources */ = {isa = PBXBuildFile; fileRef = ECCF511F2281ED9D00DD904F /* BasicLearnLexerATN.swift */; };
		ECCF51472281EEBB00DD904F /* BasicLearnListener.swift in Sources */ = {isa = PBXBuildFile; fileRef = ECCF51262281ED9D00DD904F /* BasicLearnListener.swift */; };
		ECCF51482281EEBB00DD904F /* BasicLearnParser.swift in Sources */ = {isa = PBXBuildFile; fileRef = ECCF51232281ED9D00DD904F /* BasicLearnParser.swift */; };
		ECCF51492281EEBB00DD904F /* BasicLearnParserATN.swift in Sources */ = {isa = PBXBuildFile; fileRef = ECCF51252281ED9D00DD904F /* BasicLearnParserATN.swift */; };
		ECCF514A2281EEBB00DD904F /* BasicLearnBaseListener.swift in Sources */ = {isa = PBXBuildFile; fileRef = EC151741225E93AC0030D440 /* BasicLearnBaseListener.swift */; };
		ECCF514B2281EEBB00DD904F /* descriptionDimension.swift in Sources */ = {isa = PBXBuildFile; fileRef = EC8D8067227DFE7400D3C2C6 /* descriptionDimension.swift */; };
		ECCF514C2281EEBB00DD904F /* Function.swift in Sources */ = {isa = PBXBuildFile; fileRef = 41EAEBC92274A66600897C19 /* Function.swift */; };
		ECCF514D2281EEBB00DD904F /* Variable.swift in Sources */ = {isa = PBXBuildFile; fileRef = 41EAEBCB2274A66D00897C19 /* Variable.swift */; };
		ECCF514E2281EEBB00DD904F /* MainCompiler.swift in Sources */ = {isa = PBXBuildFile; fileRef = 41C2EFB6225FED3000C90A1F /* MainCompiler.swift */; };
		ECCF514F2281EEBB00DD904F /* Types.swift in Sources */ = {isa = PBXBuildFile; fileRef = 41C2EFBA225FED3000C90A1F /* Types.swift */; };
		ECCF51502281EEBB00DD904F /* SemanticCube.swift in Sources */ = {isa = PBXBuildFile; fileRef = EC6EAF85227340B600D767DD /* SemanticCube.swift */; };
		ECCF51512281EEBB00DD904F /* Quadruple.swift in Sources */ = {isa = PBXBuildFile; fileRef = EC1B754A22737464007068DC /* Quadruple.swift */; };
		ECCF51522281EEBB00DD904F /* Memory.swift in Sources */ = {isa = PBXBuildFile; fileRef = EC1B7550227494D8007068DC /* Memory.swift */; };
		ECCF51532281EEBB00DD904F /* VirtualMachine.swift in Sources */ = {isa = PBXBuildFile; fileRef = 417E89F222795CF9004648D6 /* VirtualMachine.swift */; };
		ECCF51542281EEBB00DD904F /* AppDelegate.swift in Sources */ = {isa = PBXBuildFile; fileRef = EC1516FE225E87E40030D440 /* AppDelegate.swift */; };
		ECCF51552281EEBB00DD904F /* ViewController.swift in Sources */ = {isa = PBXBuildFile; fileRef = EC151700225E87E40030D440 /* ViewController.swift */; };
/* End PBXBuildFile section */

/* Begin PBXContainerItemProxy section */
		ECCF51382281EE1500DD904F /* PBXContainerItemProxy */ = {
			isa = PBXContainerItemProxy;
			containerPortal = ECCF51312281EE1500DD904F /* Antlr4.xcodeproj */;
			proxyType = 2;
			remoteGlobalIDString = "Antlr4::Antlr4::Product";
			remoteInfo = Antlr4;
		};

		ECCF513A2281EE1500DD904F /* PBXContainerItemProxy */ = {
			isa = PBXContainerItemProxy;
			containerPortal = ECCF51312281EE1500DD904F /* Antlr4.xcodeproj */;
			proxyType = 2;
			remoteGlobalIDString = "Antlr4::Antlr4Tests::Product";
			remoteInfo = Antlr4Tests;
		};
		ECCF513E2281EE2000DD904F /* PBXContainerItemProxy */ = {
			isa = PBXContainerItemProxy;
			containerPortal = ECCF51312281EE1500DD904F /* Antlr4.xcodeproj */;
			proxyType = 1;
			remoteGlobalIDString = "Antlr4::Antlr4";
			remoteInfo = Antlr4;
		};
/* End PBXContainerItemProxy section */

/* Begin PBXFileReference section */
		411CA6E82281195B00785A3D /* BasicLearnLexer.swift */ = {isa = PBXFileReference; fileEncoding = 4; lastKnownFileType = sourcecode.swift; name = BasicLearnLexer.swift; path = /Desktop/grammar/BasicLearnLexer.swift; sourceTree = "<absolute>"; };
		411CA6EA2281195B00785A3D /* BasicLearnLexer.tokens */ = {isa = PBXFileReference; fileEncoding = 4; lastKnownFileType = file; name = BasicLearnLexer.tokens; path = /Desktop/grammar/BasicLearnLexer.tokens; sourceTree = "<absolute>"; };
		411CA6EB2281195B00785A3D /* BasicLearnParserATN.swift */ = {isa = PBXFileReference; fileEncoding = 4; lastKnownFileType = sourcecode.swift; name = BasicLearnParserATN.swift; path = /Desktop/grammar/BasicLearnParserATN.swift; sourceTree = "<absolute>"; };
		411CA6EC2281195B00785A3D /* BasicLearnParser.swift */ = {isa = PBXFileReference; fileEncoding = 4; lastKnownFileType = sourcecode.swift; name = BasicLearnParser.swift; path = /Desktop/grammar/BasicLearnParser.swift; sourceTree = "<absolute>"; };
		411CA6F02281195B00785A3D /* BasicLearnLexerATN.swift */ = {isa = PBXFileReference; fileEncoding = 4; lastKnownFileType = sourcecode.swift; name = BasicLearnLexerATN.swift; path = /Desktop/grammar/BasicLearnLexerATN.swift; sourceTree = "<absolute>"; };
		417E89F222795CF9004648D6 /* VirtualMachine.swift */ = {isa = PBXFileReference; lastKnownFileType = sourcecode.swift; path = VirtualMachine.swift; sourceTree = "<group>"; };
		41C2EFB6225FED3000C90A1F /* MainCompiler.swift */ = {isa = PBXFileReference; fileEncoding = 4; lastKnownFileType = sourcecode.swift; path = MainCompiler.swift; sourceTree = "<group>"; };
		41C2EFBA225FED3000C90A1F /* Types.swift */ = {isa = PBXFileReference; fileEncoding = 4; lastKnownFileType = sourcecode.swift; path = Types.swift; sourceTree = "<group>"; };
		41EAEBC92274A66600897C19 /* Function.swift */ = {isa = PBXFileReference; lastKnownFileType = sourcecode.swift; path = Function.swift; sourceTree = "<group>"; };
		41EAEBCB2274A66D00897C19 /* Variable.swift */ = {isa = PBXFileReference; lastKnownFileType = sourcecode.swift; path = Variable.swift; sourceTree = "<group>"; };
		41F589C1228284B3008CB834 /* Antlr4.xcodeproj */ = {isa = PBXFileReference; lastKnownFileType = "wrapper.pb-project"; name = Antlr4.xcodeproj; path = ../../../antlr4/runtime/Swift/Antlr4.xcodeproj; sourceTree = "<group>"; };
		41F589E42282854F008CB834 /* BasicLearn.interp */ = {isa = PBXFileReference; fileEncoding = 4; lastKnownFileType = text; name = BasicLearn.interp; path = "../../../../../Library/Containers/com.apple.mail/Data/Library/Mail Downloads/627160E6-CD61-49EA-AF61-B7B86EB55365/BasicLearn.interp"; sourceTree = "<group>"; };
		41F589E52282854F008CB834 /* BasicLearnLexer.interp */ = {isa = PBXFileReference; fileEncoding = 4; lastKnownFileType = text; name = BasicLearnLexer.interp; path = "../../../../../Library/Containers/com.apple.mail/Data/Library/Mail Downloads/62FC034A-2998-4986-8D75-64429BCA1176/BasicLearnLexer.interp"; sourceTree = "<group>"; };
		41F589E62282854F008CB834 /* BasicLearnLexer.tokens */ = {isa = PBXFileReference; fileEncoding = 4; lastKnownFileType = text; name = BasicLearnLexer.tokens; path = "../../../../../Library/Containers/com.apple.mail/Data/Library/Mail Downloads/2BAA3C59-F2F7-4155-939C-B9D3C3A23441/BasicLearnLexer.tokens"; sourceTree = "<group>"; };
		41F589E72282854F008CB834 /* BasicLearn.tokens */ = {isa = PBXFileReference; fileEncoding = 4; lastKnownFileType = text; name = BasicLearn.tokens; path = "../../../../../Library/Containers/com.apple.mail/Data/Library/Mail Downloads/B3AF59E8-2FD1-4B97-9E8C-6FB157A6DFDB/BasicLearn.tokens"; sourceTree = "<group>"; };
		41F589E82282854F008CB834 /* BasicLearnParserATN.swift */ = {isa = PBXFileReference; fileEncoding = 4; lastKnownFileType = sourcecode.swift; name = BasicLearnParserATN.swift; path = "../../../../../Library/Containers/com.apple.mail/Data/Library/Mail Downloads/20B14190-3F54-4489-9E84-F5B3165EABEC/BasicLearnParserATN.swift"; sourceTree = "<group>"; };
		41F589E92282854F008CB834 /* BasicLearnParser.swift */ = {isa = PBXFileReference; fileEncoding = 4; lastKnownFileType = sourcecode.swift; name = BasicLearnParser.swift; path = "../../../../../Library/Containers/com.apple.mail/Data/Library/Mail Downloads/83DC3043-EB32-4ECF-A41C-D77ADF72C11C/BasicLearnParser.swift"; sourceTree = "<group>"; };
		41F589EA2282854F008CB834 /* BasicLearnListener.swift */ = {isa = PBXFileReference; fileEncoding = 4; lastKnownFileType = sourcecode.swift; name = BasicLearnListener.swift; path = "../../../../../Library/Containers/com.apple.mail/Data/Library/Mail Downloads/FAFC4C82-CE95-456E-BBB5-C6DE02EC6107/BasicLearnListener.swift"; sourceTree = "<group>"; };
		41F589EB2282854F008CB834 /* BasicLearnLexer.swift */ = {isa = PBXFileReference; fileEncoding = 4; lastKnownFileType = sourcecode.swift; name = BasicLearnLexer.swift; path = "../../../../../Library/Containers/com.apple.mail/Data/Library/Mail Downloads/61F8D6C0-C432-4573-B548-78B60CEA1830/BasicLearnLexer.swift"; sourceTree = "<group>"; };
		41F589EC2282854F008CB834 /* BasicLearnLexerATN.swift */ = {isa = PBXFileReference; fileEncoding = 4; lastKnownFileType = sourcecode.swift; name = BasicLearnLexerATN.swift; path = "../../../../../Library/Containers/com.apple.mail/Data/Library/Mail Downloads/46566D01-0D5F-4556-8A15-1EFB64480519/BasicLearnLexerATN.swift"; sourceTree = "<group>"; };
		EC1516FB225E87E40030D440 /* BasicLearnIDE.app */ = {isa = PBXFileReference; explicitFileType = wrapper.application; includeInIndex = 0; path = BasicLearnIDE.app; sourceTree = BUILT_PRODUCTS_DIR; };
		EC1516FE225E87E40030D440 /* AppDelegate.swift */ = {isa = PBXFileReference; lastKnownFileType = sourcecode.swift; path = AppDelegate.swift; sourceTree = "<group>"; };
		EC151700225E87E40030D440 /* ViewController.swift */ = {isa = PBXFileReference; lastKnownFileType = sourcecode.swift; path = ViewController.swift; sourceTree = "<group>"; };
		EC151703225E87E40030D440 /* Base */ = {isa = PBXFileReference; lastKnownFileType = file.storyboard; name = Base; path = Base.lproj/Main.storyboard; sourceTree = "<group>"; };
		EC151706225E87E40030D440 /* BasicLearnIDE.xcdatamodel */ = {isa = PBXFileReference; lastKnownFileType = wrapper.xcdatamodel; path = BasicLearnIDE.xcdatamodel; sourceTree = "<group>"; };
		EC151708225E87E80030D440 /* Assets.xcassets */ = {isa = PBXFileReference; lastKnownFileType = folder.assetcatalog; path = Assets.xcassets; sourceTree = "<group>"; };
		EC15170B225E87E80030D440 /* Base */ = {isa = PBXFileReference; lastKnownFileType = file.storyboard; name = Base; path = Base.lproj/LaunchScreen.storyboard; sourceTree = "<group>"; };
		EC15170D225E87E80030D440 /* Info.plist */ = {isa = PBXFileReference; lastKnownFileType = text.plist.xml; path = Info.plist; sourceTree = "<group>"; };
		EC151741225E93AC0030D440 /* BasicLearnBaseListener.swift */ = {isa = PBXFileReference; fileEncoding = 4; lastKnownFileType = sourcecode.swift; path = BasicLearnBaseListener.swift; sourceTree = "<group>"; };
		EC1B754A22737464007068DC /* Quadruple.swift */ = {isa = PBXFileReference; lastKnownFileType = sourcecode.swift; path = Quadruple.swift; sourceTree = "<group>"; };
		EC1B7550227494D8007068DC /* Memory.swift */ = {isa = PBXFileReference; lastKnownFileType = sourcecode.swift; path = Memory.swift; sourceTree = "<group>"; };
		EC6EAF85227340B600D767DD /* SemanticCube.swift */ = {isa = PBXFileReference; lastKnownFileType = sourcecode.swift; path = SemanticCube.swift; sourceTree = "<group>"; };
		EC8D8067227DFE7400D3C2C6 /* descriptionDimension.swift */ = {isa = PBXFileReference; lastKnownFileType = sourcecode.swift; path = descriptionDimension.swift; sourceTree = "<group>"; };
		ECCF511F2281ED9D00DD904F /* BasicLearnLexerATN.swift */ = {isa = PBXFileReference; fileEncoding = 4; lastKnownFileType = sourcecode.swift; name = BasicLearnLexerATN.swift; path = ../../../../Autogen/BasicLearnLexerATN.swift; sourceTree = "<group>"; };
		ECCF51202281ED9D00DD904F /* BasicLearn.interp */ = {isa = PBXFileReference; fileEncoding = 4; lastKnownFileType = text; name = BasicLearn.interp; path = ../../../../Autogen/BasicLearn.interp; sourceTree = "<group>"; };
		ECCF51212281ED9D00DD904F /* BasicLearnLexer.tokens */ = {isa = PBXFileReference; fileEncoding = 4; lastKnownFileType = text; name = BasicLearnLexer.tokens; path = ../../../../Autogen/BasicLearnLexer.tokens; sourceTree = "<group>"; };
		ECCF51222281ED9D00DD904F /* BasicLearn.tokens */ = {isa = PBXFileReference; fileEncoding = 4; lastKnownFileType = text; name = BasicLearn.tokens; path = ../../../../Autogen/BasicLearn.tokens; sourceTree = "<group>"; };
		ECCF51232281ED9D00DD904F /* BasicLearnParser.swift */ = {isa = PBXFileReference; fileEncoding = 4; lastKnownFileType = sourcecode.swift; name = BasicLearnParser.swift; path = ../../../../Autogen/BasicLearnParser.swift; sourceTree = "<group>"; };
		ECCF51242281ED9D00DD904F /* BasicLearnLexer.interp */ = {isa = PBXFileReference; fileEncoding = 4; lastKnownFileType = text; name = BasicLearnLexer.interp; path = ../../../../Autogen/BasicLearnLexer.interp; sourceTree = "<group>"; };
		ECCF51252281ED9D00DD904F /* BasicLearnParserATN.swift */ = {isa = PBXFileReference; fileEncoding = 4; lastKnownFileType = sourcecode.swift; name = BasicLearnParserATN.swift; path = ../../../../Autogen/BasicLearnParserATN.swift; sourceTree = "<group>"; };
		ECCF51262281ED9D00DD904F /* BasicLearnListener.swift */ = {isa = PBXFileReference; fileEncoding = 4; lastKnownFileType = sourcecode.swift; name = BasicLearnListener.swift; path = ../../../../Autogen/BasicLearnListener.swift; sourceTree = "<group>"; };
		ECCF51272281ED9D00DD904F /* BasicLearnLexer.swift */ = {isa = PBXFileReference; fileEncoding = 4; lastKnownFileType = sourcecode.swift; name = BasicLearnLexer.swift; path = ../../../../Autogen/BasicLearnLexer.swift; sourceTree = "<group>"; };
		ECCF51312281EE1500DD904F /* Antlr4.xcodeproj */ = {isa = PBXFileReference; lastKnownFileType = "wrapper.pb-project"; name = Antlr4.xcodeproj; path = ../../antlr4/runtime/Swift/Antlr4.xcodeproj; sourceTree = "<group>"; };
/* End PBXFileReference section */

/* Begin PBXFrameworksBuildPhase section */
		EC1516F8225E87E40030D440 /* Frameworks */ = {
			isa = PBXFrameworksBuildPhase;
			buildActionMask = 2147483647;
			files = (
				ECCF51402281EE2D00DD904F /* Antlr4.framework in Frameworks */,
			);
			runOnlyForDeploymentPostprocessing = 0;
		};
/* End PBXFrameworksBuildPhase section */

/* Begin PBXGroup section */
		41F589C0228283DE008CB834 /* Recovered References */ = {
			isa = PBXGroup;
			children = (
				411CA6E82281195B00785A3D /* BasicLearnLexer.swift */,
				411CA6EC2281195B00785A3D /* BasicLearnParser.swift */,
				411CA6F02281195B00785A3D /* BasicLearnLexerATN.swift */,
				411CA6EB2281195B00785A3D /* BasicLearnParserATN.swift */,
				411CA6EA2281195B00785A3D /* BasicLearnLexer.tokens */,
			);
			name = "Recovered References";
			sourceTree = "<group>";
		};
		41F589C2228284B3008CB834 /* Products */ = {
			isa = PBXGroup;
			children = (
				41F589C9228284B3008CB834 /* Antlr4.framework */,
				41F589CB228284B3008CB834 /* Antlr4Tests.xctest */,
			);
			name = Products;
			sourceTree = "<group>";
		};
		EC1516F2225E87E30030D440 = {
			isa = PBXGroup;
			children = (
				ECCF51312281EE1500DD904F /* Antlr4.xcodeproj */,
				EC1516FD225E87E40030D440 /* BasicLearnIDE */,
				EC1516FC225E87E40030D440 /* Products */,
				EC1B75442273658E007068DC /* Frameworks */,
				ECCF50EB2281EB1F00DD904F /* Recovered References */,
			);
			sourceTree = "<group>";
		};
		EC1516FC225E87E40030D440 /* Products */ = {
			isa = PBXGroup;
			children = (
				EC1516FB225E87E40030D440 /* BasicLearnIDE.app */,
			);
			name = Products;
			sourceTree = "<group>";
		};
		EC1516FD225E87E40030D440 /* BasicLearnIDE */ = {
			isa = PBXGroup;
			children = (
				EC151739225E93AC0030D440 /* Compiler */,
				EC1516FE225E87E40030D440 /* AppDelegate.swift */,
				EC151700225E87E40030D440 /* ViewController.swift */,
				EC151702225E87E40030D440 /* Main.storyboard */,
				EC151708225E87E80030D440 /* Assets.xcassets */,
				EC15170A225E87E80030D440 /* LaunchScreen.storyboard */,
				EC15170D225E87E80030D440 /* Info.plist */,
				EC151705225E87E40030D440 /* BasicLearnIDE.xcdatamodeld */,
			);
			path = BasicLearnIDE;
			sourceTree = "<group>";
		};
		EC151739225E93AC0030D440 /* Compiler */ = {
			isa = PBXGroup;
			children = (
				ECCF51202281ED9D00DD904F /* BasicLearn.interp */,
				ECCF51222281ED9D00DD904F /* BasicLearn.tokens */,
				ECCF51242281ED9D00DD904F /* BasicLearnLexer.interp */,
				ECCF51272281ED9D00DD904F /* BasicLearnLexer.swift */,
				ECCF51212281ED9D00DD904F /* BasicLearnLexer.tokens */,
				ECCF511F2281ED9D00DD904F /* BasicLearnLexerATN.swift */,
				ECCF51262281ED9D00DD904F /* BasicLearnListener.swift */,
				ECCF51232281ED9D00DD904F /* BasicLearnParser.swift */,
				ECCF51252281ED9D00DD904F /* BasicLearnParserATN.swift */,
				EC151741225E93AC0030D440 /* BasicLearnBaseListener.swift */,
				EC8D8067227DFE7400D3C2C6 /* descriptionDimension.swift */,
				41EAEBC92274A66600897C19 /* Function.swift */,
				41EAEBCB2274A66D00897C19 /* Variable.swift */,
				41C2EFB6225FED3000C90A1F /* MainCompiler.swift */,
				41C2EFBA225FED3000C90A1F /* Types.swift */,
				EC6EAF85227340B600D767DD /* SemanticCube.swift */,
				EC1B754A22737464007068DC /* Quadruple.swift */,
				EC1B7550227494D8007068DC /* Memory.swift */,
				417E89F222795CF9004648D6 /* VirtualMachine.swift */,
			);
			path = Compiler;
			sourceTree = "<group>";
		};
		EC1B75442273658E007068DC /* Frameworks */ = {
			isa = PBXGroup;
			children = (
			);
			name = Frameworks;
			sourceTree = "<group>";
		};
		ECCF50EB2281EB1F00DD904F /* Recovered References */ = {
			isa = PBXGroup;
			children = (
				411CA6E82281195B00785A3D /* BasicLearnLexer.swift */,
				411CA6EC2281195B00785A3D /* BasicLearnParser.swift */,
				411CA6F02281195B00785A3D /* BasicLearnLexerATN.swift */,
				411CA6EB2281195B00785A3D /* BasicLearnParserATN.swift */,
				411CA6EA2281195B00785A3D /* BasicLearnLexer.tokens */,
			);
			name = "Recovered References";
			sourceTree = "<group>";
		};
		ECCF51322281EE1500DD904F /* Products */ = {
			isa = PBXGroup;
			children = (
				ECCF51392281EE1500DD904F /* Antlr4.framework */,
				ECCF513B2281EE1500DD904F /* Antlr4Tests.xctest */,
			);
			name = Products;
			sourceTree = "<group>";
		};
/* End PBXGroup section */

/* Begin PBXNativeTarget section */
		EC1516FA225E87E40030D440 /* BasicLearnIDE */ = {
			isa = PBXNativeTarget;
			buildConfigurationList = EC151710225E87E80030D440 /* Build configuration list for PBXNativeTarget "BasicLearnIDE" */;
			buildPhases = (
				EC1516F7225E87E40030D440 /* Sources */,
				EC1516F8225E87E40030D440 /* Frameworks */,
				EC1516F9225E87E40030D440 /* Resources */,
			);
			buildRules = (
			);
			dependencies = (
				ECCF513F2281EE2000DD904F /* PBXTargetDependency */,
			);
			name = BasicLearnIDE;
			productName = BasicLearnIDE;
			productReference = EC1516FB225E87E40030D440 /* BasicLearnIDE.app */;
			productType = "com.apple.product-type.application";
		};
/* End PBXNativeTarget section */

/* Begin PBXProject section */
		EC1516F3225E87E30030D440 /* Project object */ = {
			isa = PBXProject;
			attributes = {
				LastSwiftUpdateCheck = 1020;
				LastUpgradeCheck = 1020;
				ORGANIZATIONNAME = "Mauricio Garza";
				TargetAttributes = {
					EC1516FA225E87E40030D440 = {
						CreatedOnToolsVersion = 10.2;
						LastSwiftMigration = 1020;
					};
				};
			};
			buildConfigurationList = EC1516F6225E87E30030D440 /* Build configuration list for PBXProject "BasicLearnIDE" */;
			compatibilityVersion = "Xcode 9.3";
			developmentRegion = en;
			hasScannedForEncodings = 0;
			knownRegions = (
				en,
				Base,
			);
			mainGroup = EC1516F2225E87E30030D440;
			productRefGroup = EC1516FC225E87E40030D440 /* Products */;
			projectDirPath = "";
			projectReferences = (
				{
					ProductGroup = ECCF51322281EE1500DD904F /* Products */;
					ProjectRef = ECCF51312281EE1500DD904F /* Antlr4.xcodeproj */;
				},
			);
			projectRoot = "";
			targets = (
				EC1516FA225E87E40030D440 /* BasicLearnIDE */,
			);
		};
/* End PBXProject section */

/* Begin PBXReferenceProxy section */
		ECCF51392281EE1500DD904F /* Antlr4.framework */ = {
			isa = PBXReferenceProxy;
			fileType = wrapper.framework;
			path = Antlr4.framework;
			remoteRef = ECCF51382281EE1500DD904F /* PBXContainerItemProxy */;
			sourceTree = BUILT_PRODUCTS_DIR;
		};
		ECCF513B2281EE1500DD904F /* Antlr4Tests.xctest */ = {
			isa = PBXReferenceProxy;
			fileType = file;
			path = Antlr4Tests.xctest;
			remoteRef = ECCF513A2281EE1500DD904F /* PBXContainerItemProxy */;
			sourceTree = BUILT_PRODUCTS_DIR;
		};
/* End PBXReferenceProxy section */

/* Begin PBXResourcesBuildPhase section */
		EC1516F9225E87E40030D440 /* Resources */ = {
			isa = PBXResourcesBuildPhase;
			buildActionMask = 2147483647;
			files = (
				ECCF510C2281EC5800DD904F /* BasicLearnBaseListener.swift in Resources */,
				EC15170C225E87E80030D440 /* LaunchScreen.storyboard in Resources */,
				ECCF512D2281ED9D00DD904F /* BasicLearnLexer.interp in Resources */,
				ECCF51292281ED9D00DD904F /* BasicLearn.interp in Resources */,
				EC151709225E87E80030D440 /* Assets.xcassets in Resources */,
				ECCF512B2281ED9D00DD904F /* BasicLearn.tokens in Resources */,
				ECCF512A2281ED9D00DD904F /* BasicLearnLexer.tokens in Resources */,
				EC151704225E87E40030D440 /* Main.storyboard in Resources */,
			);
			runOnlyForDeploymentPostprocessing = 0;
		};
/* End PBXResourcesBuildPhase section */

/* Begin PBXSourcesBuildPhase section */
		EC1516F7225E87E40030D440 /* Sources */ = {
			isa = PBXSourcesBuildPhase;
			buildActionMask = 2147483647;
			files = (
				ECCF51412281EEBB00DD904F /* BasicLearn.interp in Sources */,
				ECCF51422281EEBB00DD904F /* BasicLearn.tokens in Sources */,
				ECCF51432281EEBB00DD904F /* BasicLearnLexer.interp in Sources */,
				ECCF51442281EEBB00DD904F /* BasicLearnLexer.swift in Sources */,
				ECCF51452281EEBB00DD904F /* BasicLearnLexer.tokens in Sources */,
				ECCF51462281EEBB00DD904F /* BasicLearnLexerATN.swift in Sources */,
				ECCF51472281EEBB00DD904F /* BasicLearnListener.swift in Sources */,
				ECCF51482281EEBB00DD904F /* BasicLearnParser.swift in Sources */,
				ECCF51492281EEBB00DD904F /* BasicLearnParserATN.swift in Sources */,
				ECCF514A2281EEBB00DD904F /* BasicLearnBaseListener.swift in Sources */,
				ECCF514B2281EEBB00DD904F /* descriptionDimension.swift in Sources */,
				ECCF514C2281EEBB00DD904F /* Function.swift in Sources */,
				ECCF514D2281EEBB00DD904F /* Variable.swift in Sources */,
				ECCF514E2281EEBB00DD904F /* MainCompiler.swift in Sources */,
				ECCF514F2281EEBB00DD904F /* Types.swift in Sources */,
				ECCF51502281EEBB00DD904F /* SemanticCube.swift in Sources */,
				ECCF51512281EEBB00DD904F /* Quadruple.swift in Sources */,
				ECCF51522281EEBB00DD904F /* Memory.swift in Sources */,
				ECCF51532281EEBB00DD904F /* VirtualMachine.swift in Sources */,
				ECCF51542281EEBB00DD904F /* AppDelegate.swift in Sources */,
				ECCF51552281EEBB00DD904F /* ViewController.swift in Sources */,
			);
			runOnlyForDeploymentPostprocessing = 0;
		};
/* End PBXSourcesBuildPhase section */

/* Begin PBXTargetDependency section */
		ECCF513F2281EE2000DD904F /* PBXTargetDependency */ = {
			isa = PBXTargetDependency;
			name = Antlr4;
			targetProxy = ECCF513E2281EE2000DD904F /* PBXContainerItemProxy */;
		};
/* End PBXTargetDependency section */

/* Begin PBXVariantGroup section */
		EC151702225E87E40030D440 /* Main.storyboard */ = {
			isa = PBXVariantGroup;
			children = (
				EC151703225E87E40030D440 /* Base */,
			);
			name = Main.storyboard;
			sourceTree = "<group>";
		};
		EC15170A225E87E80030D440 /* LaunchScreen.storyboard */ = {
			isa = PBXVariantGroup;
			children = (
				EC15170B225E87E80030D440 /* Base */,
			);
			name = LaunchScreen.storyboard;
			sourceTree = "<group>";
		};
/* End PBXVariantGroup section */

/* Begin XCBuildConfiguration section */
		EC15170E225E87E80030D440 /* Debug */ = {
			isa = XCBuildConfiguration;
			buildSettings = {
				ALWAYS_SEARCH_USER_PATHS = NO;
				CLANG_ANALYZER_NONNULL = YES;
				CLANG_ANALYZER_NUMBER_OBJECT_CONVERSION = YES_AGGRESSIVE;
				CLANG_CXX_LANGUAGE_STANDARD = "gnu++14";
				CLANG_CXX_LIBRARY = "libc++";
				CLANG_ENABLE_MODULES = YES;
				CLANG_ENABLE_OBJC_ARC = YES;
				CLANG_ENABLE_OBJC_WEAK = YES;
				CLANG_WARN_BLOCK_CAPTURE_AUTORELEASING = YES;
				CLANG_WARN_BOOL_CONVERSION = YES;
				CLANG_WARN_COMMA = YES;
				CLANG_WARN_CONSTANT_CONVERSION = YES;
				CLANG_WARN_DEPRECATED_OBJC_IMPLEMENTATIONS = YES;
				CLANG_WARN_DIRECT_OBJC_ISA_USAGE = YES_ERROR;
				CLANG_WARN_DOCUMENTATION_COMMENTS = YES;
				CLANG_WARN_EMPTY_BODY = YES;
				CLANG_WARN_ENUM_CONVERSION = YES;
				CLANG_WARN_INFINITE_RECURSION = YES;
				CLANG_WARN_INT_CONVERSION = YES;
				CLANG_WARN_NON_LITERAL_NULL_CONVERSION = YES;
				CLANG_WARN_OBJC_IMPLICIT_RETAIN_SELF = YES;
				CLANG_WARN_OBJC_LITERAL_CONVERSION = YES;
				CLANG_WARN_OBJC_ROOT_CLASS = YES_ERROR;
				CLANG_WARN_RANGE_LOOP_ANALYSIS = YES;
				CLANG_WARN_STRICT_PROTOTYPES = YES;
				CLANG_WARN_SUSPICIOUS_MOVE = YES;
				CLANG_WARN_UNGUARDED_AVAILABILITY = YES_AGGRESSIVE;
				CLANG_WARN_UNREACHABLE_CODE = YES;
				CLANG_WARN__DUPLICATE_METHOD_MATCH = YES;
				CODE_SIGN_IDENTITY = "iPhone Developer";
				COPY_PHASE_STRIP = NO;
				DEBUG_INFORMATION_FORMAT = dwarf;
				ENABLE_STRICT_OBJC_MSGSEND = YES;
				ENABLE_TESTABILITY = YES;
				GCC_C_LANGUAGE_STANDARD = gnu11;
				GCC_DYNAMIC_NO_PIC = NO;
				GCC_NO_COMMON_BLOCKS = YES;
				GCC_OPTIMIZATION_LEVEL = 0;
				GCC_PREPROCESSOR_DEFINITIONS = (
					"DEBUG=1",
					"$(inherited)",
				);
				GCC_WARN_64_TO_32_BIT_CONVERSION = YES;
				GCC_WARN_ABOUT_RETURN_TYPE = YES_ERROR;
				GCC_WARN_UNDECLARED_SELECTOR = YES;
				GCC_WARN_UNINITIALIZED_AUTOS = YES_AGGRESSIVE;
				GCC_WARN_UNUSED_FUNCTION = YES;
				GCC_WARN_UNUSED_VARIABLE = YES;
				IPHONEOS_DEPLOYMENT_TARGET = 12.2;
				MTL_ENABLE_DEBUG_INFO = INCLUDE_SOURCE;
				MTL_FAST_MATH = YES;
				ONLY_ACTIVE_ARCH = YES;
				SDKROOT = iphoneos;
				SWIFT_ACTIVE_COMPILATION_CONDITIONS = DEBUG;
				SWIFT_OPTIMIZATION_LEVEL = "-Onone";
			};
			name = Debug;
		};
		EC15170F225E87E80030D440 /* Release */ = {
			isa = XCBuildConfiguration;
			buildSettings = {
				ALWAYS_SEARCH_USER_PATHS = NO;
				CLANG_ANALYZER_NONNULL = YES;
				CLANG_ANALYZER_NUMBER_OBJECT_CONVERSION = YES_AGGRESSIVE;
				CLANG_CXX_LANGUAGE_STANDARD = "gnu++14";
				CLANG_CXX_LIBRARY = "libc++";
				CLANG_ENABLE_MODULES = YES;
				CLANG_ENABLE_OBJC_ARC = YES;
				CLANG_ENABLE_OBJC_WEAK = YES;
				CLANG_WARN_BLOCK_CAPTURE_AUTORELEASING = YES;
				CLANG_WARN_BOOL_CONVERSION = YES;
				CLANG_WARN_COMMA = YES;
				CLANG_WARN_CONSTANT_CONVERSION = YES;
				CLANG_WARN_DEPRECATED_OBJC_IMPLEMENTATIONS = YES;
				CLANG_WARN_DIRECT_OBJC_ISA_USAGE = YES_ERROR;
				CLANG_WARN_DOCUMENTATION_COMMENTS = YES;
				CLANG_WARN_EMPTY_BODY = YES;
				CLANG_WARN_ENUM_CONVERSION = YES;
				CLANG_WARN_INFINITE_RECURSION = YES;
				CLANG_WARN_INT_CONVERSION = YES;
				CLANG_WARN_NON_LITERAL_NULL_CONVERSION = YES;
				CLANG_WARN_OBJC_IMPLICIT_RETAIN_SELF = YES;
				CLANG_WARN_OBJC_LITERAL_CONVERSION = YES;
				CLANG_WARN_OBJC_ROOT_CLASS = YES_ERROR;
				CLANG_WARN_RANGE_LOOP_ANALYSIS = YES;
				CLANG_WARN_STRICT_PROTOTYPES = YES;
				CLANG_WARN_SUSPICIOUS_MOVE = YES;
				CLANG_WARN_UNGUARDED_AVAILABILITY = YES_AGGRESSIVE;
				CLANG_WARN_UNREACHABLE_CODE = YES;
				CLANG_WARN__DUPLICATE_METHOD_MATCH = YES;
				CODE_SIGN_IDENTITY = "iPhone Developer";
				COPY_PHASE_STRIP = NO;
				DEBUG_INFORMATION_FORMAT = "dwarf-with-dsym";
				ENABLE_NS_ASSERTIONS = NO;
				ENABLE_STRICT_OBJC_MSGSEND = YES;
				GCC_C_LANGUAGE_STANDARD = gnu11;
				GCC_NO_COMMON_BLOCKS = YES;
				GCC_WARN_64_TO_32_BIT_CONVERSION = YES;
				GCC_WARN_ABOUT_RETURN_TYPE = YES_ERROR;
				GCC_WARN_UNDECLARED_SELECTOR = YES;
				GCC_WARN_UNINITIALIZED_AUTOS = YES_AGGRESSIVE;
				GCC_WARN_UNUSED_FUNCTION = YES;
				GCC_WARN_UNUSED_VARIABLE = YES;
				IPHONEOS_DEPLOYMENT_TARGET = 12.2;
				MTL_ENABLE_DEBUG_INFO = NO;
				MTL_FAST_MATH = YES;
				SDKROOT = iphoneos;
				SWIFT_COMPILATION_MODE = wholemodule;
				SWIFT_OPTIMIZATION_LEVEL = "-O";
				VALIDATE_PRODUCT = YES;
			};
			name = Release;
		};
		EC151711225E87E80030D440 /* Debug */ = {
			isa = XCBuildConfiguration;
			buildSettings = {
				ASSETCATALOG_COMPILER_APPICON_NAME = AppIcon;
				CLANG_ENABLE_MODULES = YES;
				CODE_SIGN_STYLE = Automatic;
				DEVELOPMENT_TEAM = "";
				INFOPLIST_FILE = BasicLearnIDE/Info.plist;
				LD_RUNPATH_SEARCH_PATHS = (
					"$(inherited)",
					"@executable_path/Frameworks",
				);
				PRODUCT_BUNDLE_IDENTIFIER = "Mauricio-Garza.BasicLearnIDE";
				PRODUCT_NAME = "$(TARGET_NAME)";
				SWIFT_OBJC_BRIDGING_HEADER = "BasicLearnIDE/Compiler/BasicLearnIDE-Bridging-Header.h";
				SWIFT_OPTIMIZATION_LEVEL = "-Onone";
				SWIFT_VERSION = 5.0;
				TARGETED_DEVICE_FAMILY = "1,2";
			};
			name = Debug;
		};
		EC151712225E87E80030D440 /* Release */ = {
			isa = XCBuildConfiguration;
			buildSettings = {
				ASSETCATALOG_COMPILER_APPICON_NAME = AppIcon;
				CLANG_ENABLE_MODULES = YES;
				CODE_SIGN_STYLE = Automatic;
				DEVELOPMENT_TEAM = "";
				INFOPLIST_FILE = BasicLearnIDE/Info.plist;
				LD_RUNPATH_SEARCH_PATHS = (
					"$(inherited)",
					"@executable_path/Frameworks",
				);
				PRODUCT_BUNDLE_IDENTIFIER = "Mauricio-Garza.BasicLearnIDE";
				PRODUCT_NAME = "$(TARGET_NAME)";
				SWIFT_OBJC_BRIDGING_HEADER = "BasicLearnIDE/Compiler/BasicLearnIDE-Bridging-Header.h";
				SWIFT_VERSION = 5.0;
				TARGETED_DEVICE_FAMILY = "1,2";
			};
			name = Release;
		};
/* End XCBuildConfiguration section */

/* Begin XCConfigurationList section */
		EC1516F6225E87E30030D440 /* Build configuration list for PBXProject "BasicLearnIDE" */ = {
			isa = XCConfigurationList;
			buildConfigurations = (
				EC15170E225E87E80030D440 /* Debug */,
				EC15170F225E87E80030D440 /* Release */,
			);
			defaultConfigurationIsVisible = 0;
			defaultConfigurationName = Release;
		};
		EC151710225E87E80030D440 /* Build configuration list for PBXNativeTarget "BasicLearnIDE" */ = {
			isa = XCConfigurationList;
			buildConfigurations = (
				EC151711225E87E80030D440 /* Debug */,
				EC151712225E87E80030D440 /* Release */,
			);
			defaultConfigurationIsVisible = 0;
			defaultConfigurationName = Release;
		};
/* End XCConfigurationList section */

/* Begin XCVersionGroup section */
		EC151705225E87E40030D440 /* BasicLearnIDE.xcdatamodeld */ = {
			isa = XCVersionGroup;
			children = (
				EC151706225E87E40030D440 /* BasicLearnIDE.xcdatamodel */,
			);
			currentVersion = EC151706225E87E40030D440 /* BasicLearnIDE.xcdatamodel */;
			path = BasicLearnIDE.xcdatamodeld;
			sourceTree = "<group>";
			versionGroupType = wrapper.xcdatamodel;
		};
/* End XCVersionGroup section */
	};
	rootObject = EC1516F3225E87E30030D440 /* Project object */;
}
