// !$*UTF8*$!
{
	archiveVersion = 1;
	classes = {
	};
	objectVersion = 50;
	objects = {

/* Begin PBXBuildFile section */
		41DC482B225DA62100607355 /* AppDelegate.swift in Sources */ = {isa = PBXBuildFile; fileRef = 41DC482A225DA62100607355 /* AppDelegate.swift */; };
		41DC482D225DA62100607355 /* ViewController.swift in Sources */ = {isa = PBXBuildFile; fileRef = 41DC482C225DA62100607355 /* ViewController.swift */; };
		41DC4830225DA62100607355 /* Main.storyboard in Resources */ = {isa = PBXBuildFile; fileRef = 41DC482E225DA62100607355 /* Main.storyboard */; };
		41DC4832225DA62100607355 /* Assets.xcassets in Resources */ = {isa = PBXBuildFile; fileRef = 41DC4831225DA62100607355 /* Assets.xcassets */; };
		41DC4835225DA62100607355 /* LaunchScreen.storyboard in Resources */ = {isa = PBXBuildFile; fileRef = 41DC4833225DA62100607355 /* LaunchScreen.storyboard */; };
		41DC4855225DAB2700607355 /* BasicLearnBaseListener.swift in Sources */ = {isa = PBXBuildFile; fileRef = 41DC484A225DAB2700607355 /* BasicLearnBaseListener.swift */; };
		41DC4856225DAB2700607355 /* BasicLearnParser.swift in Sources */ = {isa = PBXBuildFile; fileRef = 41DC484B225DAB2700607355 /* BasicLearnParser.swift */; };
		41DC4857225DAB2700607355 /* BasicLearn.interp in Resources */ = {isa = PBXBuildFile; fileRef = 41DC484C225DAB2700607355 /* BasicLearn.interp */; };
		41DC4858225DAB2700607355 /* BasicLearn.g4 in Resources */ = {isa = PBXBuildFile; fileRef = 41DC484D225DAB2700607355 /* BasicLearn.g4 */; };
		41DC4859225DAB2700607355 /* BasicLearnLexer.swift in Sources */ = {isa = PBXBuildFile; fileRef = 41DC484E225DAB2700607355 /* BasicLearnLexer.swift */; };
		41DC485A225DAB2700607355 /* BasicLearn.tokens in Resources */ = {isa = PBXBuildFile; fileRef = 41DC484F225DAB2700607355 /* BasicLearn.tokens */; };
		41DC485B225DAB2700607355 /* BasicLearnLexerATN.swift in Sources */ = {isa = PBXBuildFile; fileRef = 41DC4850225DAB2700607355 /* BasicLearnLexerATN.swift */; };
		41DC485C225DAB2700607355 /* BasicLearnLexer.interp in Resources */ = {isa = PBXBuildFile; fileRef = 41DC4851225DAB2700607355 /* BasicLearnLexer.interp */; };
		41DC485D225DAB2700607355 /* BasicLearnListener.swift in Sources */ = {isa = PBXBuildFile; fileRef = 41DC4852225DAB2700607355 /* BasicLearnListener.swift */; };
		41DC485E225DAB2700607355 /* BasicLearnParserATN.swift in Sources */ = {isa = PBXBuildFile; fileRef = 41DC4853225DAB2700607355 /* BasicLearnParserATN.swift */; };
		41DC485F225DAB2700607355 /* BasicLearnLexer.tokens in Resources */ = {isa = PBXBuildFile; fileRef = 41DC4854225DAB2700607355 /* BasicLearnLexer.tokens */; };
		41DC4863225DAB8000607355 /* Antlr4.framework in Frameworks */ = {isa = PBXBuildFile; fileRef = 41DC4844225DA75300607355 /* Antlr4.framework */; };
/* End PBXBuildFile section */

/* Begin PBXContainerItemProxy section */
		41DC4843225DA75300607355 /* PBXContainerItemProxy */ = {
			isa = PBXContainerItemProxy;
			containerPortal = 41DC483C225DA75300607355 /* Antlr4.xcodeproj */;
			proxyType = 2;
			remoteGlobalIDString = "Antlr4::Antlr4::Product";
			remoteInfo = Antlr4;
		};
		41DC4845225DA75300607355 /* PBXContainerItemProxy */ = {
			isa = PBXContainerItemProxy;
			containerPortal = 41DC483C225DA75300607355 /* Antlr4.xcodeproj */;
			proxyType = 2;
			remoteGlobalIDString = "Antlr4::Antlr4Tests::Product";
			remoteInfo = Antlr4Tests;
		};
		41DC4860225DAB6B00607355 /* PBXContainerItemProxy */ = {
			isa = PBXContainerItemProxy;
			containerPortal = 41DC483C225DA75300607355 /* Antlr4.xcodeproj */;
			proxyType = 1;
			remoteGlobalIDString = "Antlr4::Antlr4";
			remoteInfo = Antlr4;
		};
/* End PBXContainerItemProxy section */

/* Begin PBXFileReference section */
		41DC4827225DA62100607355 /* BasicLearn.app */ = {isa = PBXFileReference; explicitFileType = wrapper.application; includeInIndex = 0; path = BasicLearn.app; sourceTree = BUILT_PRODUCTS_DIR; };
		41DC482A225DA62100607355 /* AppDelegate.swift */ = {isa = PBXFileReference; lastKnownFileType = sourcecode.swift; path = AppDelegate.swift; sourceTree = "<group>"; };
		41DC482C225DA62100607355 /* ViewController.swift */ = {isa = PBXFileReference; lastKnownFileType = sourcecode.swift; path = ViewController.swift; sourceTree = "<group>"; };
		41DC482F225DA62100607355 /* Base */ = {isa = PBXFileReference; lastKnownFileType = file.storyboard; name = Base; path = Base.lproj/Main.storyboard; sourceTree = "<group>"; };
		41DC4831225DA62100607355 /* Assets.xcassets */ = {isa = PBXFileReference; lastKnownFileType = folder.assetcatalog; path = Assets.xcassets; sourceTree = "<group>"; };
		41DC4834225DA62100607355 /* Base */ = {isa = PBXFileReference; lastKnownFileType = file.storyboard; name = Base; path = Base.lproj/LaunchScreen.storyboard; sourceTree = "<group>"; };
		41DC4836225DA62100607355 /* Info.plist */ = {isa = PBXFileReference; lastKnownFileType = text.plist.xml; path = Info.plist; sourceTree = "<group>"; };
		41DC483C225DA75300607355 /* Antlr4.xcodeproj */ = {isa = PBXFileReference; lastKnownFileType = "wrapper.pb-project"; name = Antlr4.xcodeproj; path = ../../../antlr4/runtime/Swift/Antlr4.xcodeproj; sourceTree = "<group>"; };
		41DC484A225DAB2700607355 /* BasicLearnBaseListener.swift */ = {isa = PBXFileReference; fileEncoding = 4; lastKnownFileType = sourcecode.swift; name = BasicLearnBaseListener.swift; path = ../../../BasicLearnBaseListener.swift; sourceTree = "<group>"; };
		41DC484B225DAB2700607355 /* BasicLearnParser.swift */ = {isa = PBXFileReference; fileEncoding = 4; lastKnownFileType = sourcecode.swift; name = BasicLearnParser.swift; path = ../../../BasicLearnParser.swift; sourceTree = "<group>"; };
		41DC484C225DAB2700607355 /* BasicLearn.interp */ = {isa = PBXFileReference; fileEncoding = 4; lastKnownFileType = text; name = BasicLearn.interp; path = ../../../BasicLearn.interp; sourceTree = "<group>"; };
		41DC484D225DAB2700607355 /* BasicLearn.g4 */ = {isa = PBXFileReference; fileEncoding = 4; lastKnownFileType = text; name = BasicLearn.g4; path = ../../../BasicLearn.g4; sourceTree = "<group>"; };
		41DC484E225DAB2700607355 /* BasicLearnLexer.swift */ = {isa = PBXFileReference; fileEncoding = 4; lastKnownFileType = sourcecode.swift; name = BasicLearnLexer.swift; path = ../../../BasicLearnLexer.swift; sourceTree = "<group>"; };
		41DC484F225DAB2700607355 /* BasicLearn.tokens */ = {isa = PBXFileReference; fileEncoding = 4; lastKnownFileType = text; name = BasicLearn.tokens; path = ../../../BasicLearn.tokens; sourceTree = "<group>"; };
		41DC4850225DAB2700607355 /* BasicLearnLexerATN.swift */ = {isa = PBXFileReference; fileEncoding = 4; lastKnownFileType = sourcecode.swift; name = BasicLearnLexerATN.swift; path = ../../../BasicLearnLexerATN.swift; sourceTree = "<group>"; };
		41DC4851225DAB2700607355 /* BasicLearnLexer.interp */ = {isa = PBXFileReference; fileEncoding = 4; lastKnownFileType = text; name = BasicLearnLexer.interp; path = ../../../BasicLearnLexer.interp; sourceTree = "<group>"; };
		41DC4852225DAB2700607355 /* BasicLearnListener.swift */ = {isa = PBXFileReference; fileEncoding = 4; lastKnownFileType = sourcecode.swift; name = BasicLearnListener.swift; path = ../../../BasicLearnListener.swift; sourceTree = "<group>"; };
		41DC4853225DAB2700607355 /* BasicLearnParserATN.swift */ = {isa = PBXFileReference; fileEncoding = 4; lastKnownFileType = sourcecode.swift; name = BasicLearnParserATN.swift; path = ../../../BasicLearnParserATN.swift; sourceTree = "<group>"; };
		41DC4854225DAB2700607355 /* BasicLearnLexer.tokens */ = {isa = PBXFileReference; fileEncoding = 4; lastKnownFileType = text; name = BasicLearnLexer.tokens; path = ../../../BasicLearnLexer.tokens; sourceTree = "<group>"; };
/* End PBXFileReference section */

/* Begin PBXFrameworksBuildPhase section */
		41DC4824225DA62100607355 /* Frameworks */ = {
			isa = PBXFrameworksBuildPhase;
			buildActionMask = 2147483647;
			files = (
				41DC4863225DAB8000607355 /* Antlr4.framework in Frameworks */,
			);
			runOnlyForDeploymentPostprocessing = 0;
		};
/* End PBXFrameworksBuildPhase section */

/* Begin PBXGroup section */
		41DC481E225DA62100607355 = {
			isa = PBXGroup;
			children = (
				41DC483C225DA75300607355 /* Antlr4.xcodeproj */,
				41DC4829225DA62100607355 /* BasicLearn */,
				41DC4828225DA62100607355 /* Products */,
				41DC4862225DAB8000607355 /* Frameworks */,
			);
			sourceTree = "<group>";
		};
		41DC4828225DA62100607355 /* Products */ = {
			isa = PBXGroup;
			children = (
				41DC4827225DA62100607355 /* BasicLearn.app */,
			);
			name = Products;
			sourceTree = "<group>";
		};
		41DC4829225DA62100607355 /* BasicLearn */ = {
			isa = PBXGroup;
			children = (
				41DC4849225DAAFA00607355 /* Compiler */,
				41DC482A225DA62100607355 /* AppDelegate.swift */,
				41DC482C225DA62100607355 /* ViewController.swift */,
				41DC482E225DA62100607355 /* Main.storyboard */,
				41DC4831225DA62100607355 /* Assets.xcassets */,
				41DC4833225DA62100607355 /* LaunchScreen.storyboard */,
				41DC4836225DA62100607355 /* Info.plist */,
			);
			path = BasicLearn;
			sourceTree = "<group>";
		};
		41DC483D225DA75300607355 /* Products */ = {
			isa = PBXGroup;
			children = (
				41DC4844225DA75300607355 /* Antlr4.framework */,
				41DC4846225DA75300607355 /* Antlr4Tests.xctest */,
			);
			name = Products;
			sourceTree = "<group>";
		};
		41DC4849225DAAFA00607355 /* Compiler */ = {
			isa = PBXGroup;
			children = (
				41DC484D225DAB2700607355 /* BasicLearn.g4 */,
				41DC484C225DAB2700607355 /* BasicLearn.interp */,
				41DC484F225DAB2700607355 /* BasicLearn.tokens */,
				41DC484A225DAB2700607355 /* BasicLearnBaseListener.swift */,
				41DC4851225DAB2700607355 /* BasicLearnLexer.interp */,
				41DC484E225DAB2700607355 /* BasicLearnLexer.swift */,
				41DC4854225DAB2700607355 /* BasicLearnLexer.tokens */,
				41DC4850225DAB2700607355 /* BasicLearnLexerATN.swift */,
				41DC4852225DAB2700607355 /* BasicLearnListener.swift */,
				41DC484B225DAB2700607355 /* BasicLearnParser.swift */,
				41DC4853225DAB2700607355 /* BasicLearnParserATN.swift */,
			);
			path = Compiler;
			sourceTree = "<group>";
		};
		41DC4862225DAB8000607355 /* Frameworks */ = {
			isa = PBXGroup;
			children = (
			);
			name = Frameworks;
			sourceTree = "<group>";
		};
/* End PBXGroup section */

/* Begin PBXNativeTarget section */
		41DC4826225DA62100607355 /* BasicLearn */ = {
			isa = PBXNativeTarget;
			buildConfigurationList = 41DC4839225DA62100607355 /* Build configuration list for PBXNativeTarget "BasicLearn" */;
			buildPhases = (
				41DC4823225DA62100607355 /* Sources */,
				41DC4824225DA62100607355 /* Frameworks */,
				41DC4825225DA62100607355 /* Resources */,
			);
			buildRules = (
			);
			dependencies = (
				41DC4861225DAB6B00607355 /* PBXTargetDependency */,
			);
			name = BasicLearn;
			productName = BasicLearn;
			productReference = 41DC4827225DA62100607355 /* BasicLearn.app */;
			productType = "com.apple.product-type.application";
		};
/* End PBXNativeTarget section */

/* Begin PBXProject section */
		41DC481F225DA62100607355 /* Project object */ = {
			isa = PBXProject;
			attributes = {
				LastSwiftUpdateCheck = 1020;
				LastUpgradeCheck = 1020;
				ORGANIZATIONNAME = "Arturo González";
				TargetAttributes = {
					41DC4826225DA62100607355 = {
						CreatedOnToolsVersion = 10.2;
					};
				};
			};
			buildConfigurationList = 41DC4822225DA62100607355 /* Build configuration list for PBXProject "BasicLearn" */;
			compatibilityVersion = "Xcode 9.3";
			developmentRegion = en;
			hasScannedForEncodings = 0;
			knownRegions = (
				en,
				Base,
			);
			mainGroup = 41DC481E225DA62100607355;
			productRefGroup = 41DC4828225DA62100607355 /* Products */;
			projectDirPath = "";
			projectReferences = (
				{
					ProductGroup = 41DC483D225DA75300607355 /* Products */;
					ProjectRef = 41DC483C225DA75300607355 /* Antlr4.xcodeproj */;
				},
			);
			projectRoot = "";
			targets = (
				41DC4826225DA62100607355 /* BasicLearn */,
			);
		};
/* End PBXProject section */

/* Begin PBXReferenceProxy section */
		41DC4844225DA75300607355 /* Antlr4.framework */ = {
			isa = PBXReferenceProxy;
			fileType = wrapper.framework;
			path = Antlr4.framework;
			remoteRef = 41DC4843225DA75300607355 /* PBXContainerItemProxy */;
			sourceTree = BUILT_PRODUCTS_DIR;
		};
		41DC4846225DA75300607355 /* Antlr4Tests.xctest */ = {
			isa = PBXReferenceProxy;
			fileType = file;
			path = Antlr4Tests.xctest;
			remoteRef = 41DC4845225DA75300607355 /* PBXContainerItemProxy */;
			sourceTree = BUILT_PRODUCTS_DIR;
		};
/* End PBXReferenceProxy section */

/* Begin PBXResourcesBuildPhase section */
		41DC4825225DA62100607355 /* Resources */ = {
			isa = PBXResourcesBuildPhase;
			buildActionMask = 2147483647;
			files = (
				41DC4858225DAB2700607355 /* BasicLearn.g4 in Resources */,
				41DC485A225DAB2700607355 /* BasicLearn.tokens in Resources */,
				41DC4835225DA62100607355 /* LaunchScreen.storyboard in Resources */,
				41DC4857225DAB2700607355 /* BasicLearn.interp in Resources */,
				41DC485F225DAB2700607355 /* BasicLearnLexer.tokens in Resources */,
				41DC485C225DAB2700607355 /* BasicLearnLexer.interp in Resources */,
				41DC4832225DA62100607355 /* Assets.xcassets in Resources */,
				41DC4830225DA62100607355 /* Main.storyboard in Resources */,
			);
			runOnlyForDeploymentPostprocessing = 0;
		};
/* End PBXResourcesBuildPhase section */

/* Begin PBXSourcesBuildPhase section */
		41DC4823225DA62100607355 /* Sources */ = {
			isa = PBXSourcesBuildPhase;
			buildActionMask = 2147483647;
			files = (
				41DC485E225DAB2700607355 /* BasicLearnParserATN.swift in Sources */,
				41DC485B225DAB2700607355 /* BasicLearnLexerATN.swift in Sources */,
				41DC482D225DA62100607355 /* ViewController.swift in Sources */,
				41DC4859225DAB2700607355 /* BasicLearnLexer.swift in Sources */,
				41DC4855225DAB2700607355 /* BasicLearnBaseListener.swift in Sources */,
				41DC4856225DAB2700607355 /* BasicLearnParser.swift in Sources */,
				41DC482B225DA62100607355 /* AppDelegate.swift in Sources */,
				41DC485D225DAB2700607355 /* BasicLearnListener.swift in Sources */,
			);
			runOnlyForDeploymentPostprocessing = 0;
		};
/* End PBXSourcesBuildPhase section */

/* Begin PBXTargetDependency section */
		41DC4861225DAB6B00607355 /* PBXTargetDependency */ = {
			isa = PBXTargetDependency;
			name = Antlr4;
			targetProxy = 41DC4860225DAB6B00607355 /* PBXContainerItemProxy */;
		};
/* End PBXTargetDependency section */

/* Begin PBXVariantGroup section */
		41DC482E225DA62100607355 /* Main.storyboard */ = {
			isa = PBXVariantGroup;
			children = (
				41DC482F225DA62100607355 /* Base */,
			);
			name = Main.storyboard;
			sourceTree = "<group>";
		};
		41DC4833225DA62100607355 /* LaunchScreen.storyboard */ = {
			isa = PBXVariantGroup;
			children = (
				41DC4834225DA62100607355 /* Base */,
			);
			name = LaunchScreen.storyboard;
			sourceTree = "<group>";
		};
/* End PBXVariantGroup section */

/* Begin XCBuildConfiguration section */
		41DC4837225DA62100607355 /* Debug */ = {
			isa = XCBuildConfiguration;
			buildSettings = {
				ALWAYS_SEARCH_USER_PATHS = NO;
				CLANG_ANALYZER_NONNULL = YES;
				CLANG_ANALYZER_NUMBER_OBJECT_CONVERSION = YES_AGGRESSIVE;
				CLANG_CXX_LANGUAGE_STANDARD = "gnu++14";
				CLANG_CXX_LIBRARY = "libc++";
				CLANG_ENABLE_MODULES = YES;
				CLANG_ENABLE_OBJC_ARC = YES;
				CLANG_ENABLE_OBJC_WEAK = YES;
				CLANG_WARN_BLOCK_CAPTURE_AUTORELEASING = YES;
				CLANG_WARN_BOOL_CONVERSION = YES;
				CLANG_WARN_COMMA = YES;
				CLANG_WARN_CONSTANT_CONVERSION = YES;
				CLANG_WARN_DEPRECATED_OBJC_IMPLEMENTATIONS = YES;
				CLANG_WARN_DIRECT_OBJC_ISA_USAGE = YES_ERROR;
				CLANG_WARN_DOCUMENTATION_COMMENTS = YES;
				CLANG_WARN_EMPTY_BODY = YES;
				CLANG_WARN_ENUM_CONVERSION = YES;
				CLANG_WARN_INFINITE_RECURSION = YES;
				CLANG_WARN_INT_CONVERSION = YES;
				CLANG_WARN_NON_LITERAL_NULL_CONVERSION = YES;
				CLANG_WARN_OBJC_IMPLICIT_RETAIN_SELF = YES;
				CLANG_WARN_OBJC_LITERAL_CONVERSION = YES;
				CLANG_WARN_OBJC_ROOT_CLASS = YES_ERROR;
				CLANG_WARN_RANGE_LOOP_ANALYSIS = YES;
				CLANG_WARN_STRICT_PROTOTYPES = YES;
				CLANG_WARN_SUSPICIOUS_MOVE = YES;
				CLANG_WARN_UNGUARDED_AVAILABILITY = YES_AGGRESSIVE;
				CLANG_WARN_UNREACHABLE_CODE = YES;
				CLANG_WARN__DUPLICATE_METHOD_MATCH = YES;
				CODE_SIGN_IDENTITY = "iPhone Developer";
				COPY_PHASE_STRIP = NO;
				DEBUG_INFORMATION_FORMAT = dwarf;
				ENABLE_STRICT_OBJC_MSGSEND = YES;
				ENABLE_TESTABILITY = YES;
				GCC_C_LANGUAGE_STANDARD = gnu11;
				GCC_DYNAMIC_NO_PIC = NO;
				GCC_NO_COMMON_BLOCKS = YES;
				GCC_OPTIMIZATION_LEVEL = 0;
				GCC_PREPROCESSOR_DEFINITIONS = (
					"DEBUG=1",
					"$(inherited)",
				);
				GCC_WARN_64_TO_32_BIT_CONVERSION = YES;
				GCC_WARN_ABOUT_RETURN_TYPE = YES_ERROR;
				GCC_WARN_UNDECLARED_SELECTOR = YES;
				GCC_WARN_UNINITIALIZED_AUTOS = YES_AGGRESSIVE;
				GCC_WARN_UNUSED_FUNCTION = YES;
				GCC_WARN_UNUSED_VARIABLE = YES;
				IPHONEOS_DEPLOYMENT_TARGET = 12.2;
				MTL_ENABLE_DEBUG_INFO = INCLUDE_SOURCE;
				MTL_FAST_MATH = YES;
				ONLY_ACTIVE_ARCH = YES;
				SDKROOT = iphoneos;
				SWIFT_ACTIVE_COMPILATION_CONDITIONS = DEBUG;
				SWIFT_OPTIMIZATION_LEVEL = "-Onone";
			};
			name = Debug;
		};
		41DC4838225DA62100607355 /* Release */ = {
			isa = XCBuildConfiguration;
			buildSettings = {
				ALWAYS_SEARCH_USER_PATHS = NO;
				CLANG_ANALYZER_NONNULL = YES;
				CLANG_ANALYZER_NUMBER_OBJECT_CONVERSION = YES_AGGRESSIVE;
				CLANG_CXX_LANGUAGE_STANDARD = "gnu++14";
				CLANG_CXX_LIBRARY = "libc++";
				CLANG_ENABLE_MODULES = YES;
				CLANG_ENABLE_OBJC_ARC = YES;
				CLANG_ENABLE_OBJC_WEAK = YES;
				CLANG_WARN_BLOCK_CAPTURE_AUTORELEASING = YES;
				CLANG_WARN_BOOL_CONVERSION = YES;
				CLANG_WARN_COMMA = YES;
				CLANG_WARN_CONSTANT_CONVERSION = YES;
				CLANG_WARN_DEPRECATED_OBJC_IMPLEMENTATIONS = YES;
				CLANG_WARN_DIRECT_OBJC_ISA_USAGE = YES_ERROR;
				CLANG_WARN_DOCUMENTATION_COMMENTS = YES;
				CLANG_WARN_EMPTY_BODY = YES;
				CLANG_WARN_ENUM_CONVERSION = YES;
				CLANG_WARN_INFINITE_RECURSION = YES;
				CLANG_WARN_INT_CONVERSION = YES;
				CLANG_WARN_NON_LITERAL_NULL_CONVERSION = YES;
				CLANG_WARN_OBJC_IMPLICIT_RETAIN_SELF = YES;
				CLANG_WARN_OBJC_LITERAL_CONVERSION = YES;
				CLANG_WARN_OBJC_ROOT_CLASS = YES_ERROR;
				CLANG_WARN_RANGE_LOOP_ANALYSIS = YES;
				CLANG_WARN_STRICT_PROTOTYPES = YES;
				CLANG_WARN_SUSPICIOUS_MOVE = YES;
				CLANG_WARN_UNGUARDED_AVAILABILITY = YES_AGGRESSIVE;
				CLANG_WARN_UNREACHABLE_CODE = YES;
				CLANG_WARN__DUPLICATE_METHOD_MATCH = YES;
				CODE_SIGN_IDENTITY = "iPhone Developer";
				COPY_PHASE_STRIP = NO;
				DEBUG_INFORMATION_FORMAT = "dwarf-with-dsym";
				ENABLE_NS_ASSERTIONS = NO;
				ENABLE_STRICT_OBJC_MSGSEND = YES;
				GCC_C_LANGUAGE_STANDARD = gnu11;
				GCC_NO_COMMON_BLOCKS = YES;
				GCC_WARN_64_TO_32_BIT_CONVERSION = YES;
				GCC_WARN_ABOUT_RETURN_TYPE = YES_ERROR;
				GCC_WARN_UNDECLARED_SELECTOR = YES;
				GCC_WARN_UNINITIALIZED_AUTOS = YES_AGGRESSIVE;
				GCC_WARN_UNUSED_FUNCTION = YES;
				GCC_WARN_UNUSED_VARIABLE = YES;
				IPHONEOS_DEPLOYMENT_TARGET = 12.2;
				MTL_ENABLE_DEBUG_INFO = NO;
				MTL_FAST_MATH = YES;
				SDKROOT = iphoneos;
				SWIFT_COMPILATION_MODE = wholemodule;
				SWIFT_OPTIMIZATION_LEVEL = "-O";
				VALIDATE_PRODUCT = YES;
			};
			name = Release;
		};
		41DC483A225DA62100607355 /* Debug */ = {
			isa = XCBuildConfiguration;
			buildSettings = {
				ASSETCATALOG_COMPILER_APPICON_NAME = AppIcon;
				CODE_SIGN_STYLE = Automatic;
				DEVELOPMENT_TEAM = Z828KS7X9U;
				INFOPLIST_FILE = BasicLearn/Info.plist;
				LD_RUNPATH_SEARCH_PATHS = (
					"$(inherited)",
					"@executable_path/Frameworks",
				);
				PRODUCT_BUNDLE_IDENTIFIER = com.ArturoGonzalez.BasicLearn;
				PRODUCT_NAME = "$(TARGET_NAME)";
				SWIFT_VERSION = 5.0;
				TARGETED_DEVICE_FAMILY = "1,2";
			};
			name = Debug;
		};
		41DC483B225DA62100607355 /* Release */ = {
			isa = XCBuildConfiguration;
			buildSettings = {
				ASSETCATALOG_COMPILER_APPICON_NAME = AppIcon;
				CODE_SIGN_STYLE = Automatic;
				DEVELOPMENT_TEAM = Z828KS7X9U;
				INFOPLIST_FILE = BasicLearn/Info.plist;
				LD_RUNPATH_SEARCH_PATHS = (
					"$(inherited)",
					"@executable_path/Frameworks",
				);
				PRODUCT_BUNDLE_IDENTIFIER = com.ArturoGonzalez.BasicLearn;
				PRODUCT_NAME = "$(TARGET_NAME)";
				SWIFT_VERSION = 5.0;
				TARGETED_DEVICE_FAMILY = "1,2";
			};
			name = Release;
		};
/* End XCBuildConfiguration section */

/* Begin XCConfigurationList section */
		41DC4822225DA62100607355 /* Build configuration list for PBXProject "BasicLearn" */ = {
			isa = XCConfigurationList;
			buildConfigurations = (
				41DC4837225DA62100607355 /* Debug */,
				41DC4838225DA62100607355 /* Release */,
			);
			defaultConfigurationIsVisible = 0;
			defaultConfigurationName = Release;
		};
		41DC4839225DA62100607355 /* Build configuration list for PBXNativeTarget "BasicLearn" */ = {
			isa = XCConfigurationList;
			buildConfigurations = (
				41DC483A225DA62100607355 /* Debug */,
				41DC483B225DA62100607355 /* Release */,
			);
			defaultConfigurationIsVisible = 0;
			defaultConfigurationName = Release;
		};
/* End XCConfigurationList section */
	};
	rootObject = 41DC481F225DA62100607355 /* Project object */;
}
